<?xml version="1.0" encoding="UTF-8"?>
<!DOCTYPE plist PUBLIC "-//Apple//DTD PLIST 1.0//EN" "http://www.apple.com/DTDs/PropertyList-1.0.dtd">
<plist version="1.0">
<dict>
	<key>archiveVersion</key>
	<string>1</string>
	<key>classes</key>
	<dict/>
	<key>objectVersion</key>
	<string>46</string>
	<key>objects</key>
	<dict>
		<key>12E5C7F947A8732892A25EF4</key>
		<dict>
			<key>explicitFileType</key>
			<string>archive.ar</string>
			<key>includeInIndex</key>
			<string>0</string>
			<key>isa</key>
			<string>PBXFileReference</string>
			<key>path</key>
			<string>libPods-MCAlbum.a</string>
			<key>sourceTree</key>
			<string>BUILT_PRODUCTS_DIR</string>
		</dict>
		<key>1FD9C10FE9DC0910ADAD3503</key>
		<dict>
			<key>includeInIndex</key>
			<string>1</string>
			<key>isa</key>
			<string>PBXFileReference</string>
			<key>lastKnownFileType</key>
			<string>text.xcconfig</string>
			<key>name</key>
			<string>Pods-LZAlbum.release.xcconfig</string>
			<key>path</key>
			<string>Pods/Target Support Files/Pods-LZAlbum/Pods-LZAlbum.release.xcconfig</string>
			<key>sourceTree</key>
			<string>&lt;group&gt;</string>
		</dict>
		<key>3FF40895072CD95F00B7141D</key>
		<dict>
			<key>fileRef</key>
			<string>73CBB0345D39F3158EB09EB3</string>
			<key>isa</key>
			<string>PBXBuildFile</string>
		</dict>
		<key>4AA419AC0E3D640A2DF799C8</key>
		<dict>
			<key>buildActionMask</key>
			<string>2147483647</string>
			<key>files</key>
			<array/>
			<key>inputPaths</key>
			<array/>
			<key>isa</key>
			<string>PBXShellScriptBuildPhase</string>
			<key>name</key>
			<string>[CP] Embed Pods Frameworks</string>
			<key>outputPaths</key>
			<array/>
			<key>runOnlyForDeploymentPostprocessing</key>
			<string>0</string>
			<key>shellPath</key>
			<string>/bin/sh</string>
			<key>shellScript</key>
			<string>"${SRCROOT}/Pods/Target Support Files/Pods-LZAlbum/Pods-LZAlbum-frameworks.sh"
</string>
			<key>showEnvVarsInLog</key>
			<string>0</string>
		</dict>
		<key>551EA01E9720C5522C87F7D6</key>
		<dict>
			<key>children</key>
			<array>
				<string>12E5C7F947A8732892A25EF4</string>
				<string>73CBB0345D39F3158EB09EB3</string>
				<string>BC06F9AF5208389492A04461</string>
			</array>
			<key>isa</key>
			<string>PBXGroup</string>
			<key>name</key>
			<string>Frameworks</string>
			<key>sourceTree</key>
			<string>&lt;group&gt;</string>
		</dict>
		<key>700C083F1AF008D000A14D93</key>
		<dict>
			<key>children</key>
			<array>
				<string>B860E68D1DC0E476009500D6</string>
				<string>B860E68E1DC0E476009500D6</string>
				<string>700C08641AF008D000A14D93</string>
				<string>700C084B1AF008D000A14D93</string>
				<string>700C084D1AF008D000A14D93</string>
				<string>700C084E1AF008D000A14D93</string>
				<string>700C084F1AF008D000A14D93</string>
				<string>700C08461AF008D000A14D93</string>
				<string>70BEDBE01B33F115004A1D39</string>
				<string>700C08531AF008D000A14D93</string>
				<string>700C08401AF008D000A14D93</string>
				<string>700C08701AF008D000A14D93</string>
				<string>700C08861AF008D000A14D93</string>
			</array>
			<key>isa</key>
			<string>PBXGroup</string>
			<key>path</key>
			<string>LZAlbum</string>
			<key>sourceTree</key>
			<string>&lt;group&gt;</string>
		</dict>
		<key>700C08401AF008D000A14D93</key>
		<dict>
			<key>children</key>
			<array>
				<string>700C08411AF008D000A14D93</string>
				<string>700C08421AF008D000A14D93</string>
				<string>700C08431AF008D000A14D93</string>
				<string>700C08441AF008D000A14D93</string>
				<string>700C08451AF008D000A14D93</string>
			</array>
			<key>isa</key>
			<string>PBXGroup</string>
			<key>path</key>
			<string>album</string>
			<key>sourceTree</key>
			<string>&lt;group&gt;</string>
		</dict>
		<key>700C08411AF008D000A14D93</key>
		<dict>
			<key>fileEncoding</key>
			<string>4</string>
			<key>isa</key>
			<string>PBXFileReference</string>
			<key>lastKnownFileType</key>
			<string>sourcecode.c.h</string>
			<key>path</key>
			<string>LZAlbumCreateVC.h</string>
			<key>sourceTree</key>
			<string>&lt;group&gt;</string>
		</dict>
		<key>700C08421AF008D000A14D93</key>
		<dict>
			<key>fileEncoding</key>
			<string>4</string>
			<key>isa</key>
			<string>PBXFileReference</string>
			<key>lastKnownFileType</key>
			<string>sourcecode.c.objc</string>
			<key>path</key>
			<string>LZAlbumCreateVC.m</string>
			<key>sourceTree</key>
			<string>&lt;group&gt;</string>
		</dict>
		<key>700C08431AF008D000A14D93</key>
		<dict>
			<key>fileEncoding</key>
			<string>4</string>
			<key>isa</key>
			<string>PBXFileReference</string>
			<key>lastKnownFileType</key>
			<string>file.xib</string>
			<key>path</key>
			<string>LZAlbumCreateVC.xib</string>
			<key>sourceTree</key>
			<string>&lt;group&gt;</string>
		</dict>
		<key>700C08441AF008D000A14D93</key>
		<dict>
			<key>fileEncoding</key>
			<string>4</string>
			<key>isa</key>
			<string>PBXFileReference</string>
			<key>lastKnownFileType</key>
			<string>sourcecode.c.h</string>
			<key>path</key>
			<string>LZAlbumVC.h</string>
			<key>sourceTree</key>
			<string>&lt;group&gt;</string>
		</dict>
		<key>700C08451AF008D000A14D93</key>
		<dict>
			<key>fileEncoding</key>
			<string>4</string>
			<key>isa</key>
			<string>PBXFileReference</string>
			<key>lastKnownFileType</key>
			<string>sourcecode.c.objc</string>
			<key>path</key>
			<string>LZAlbumVC.m</string>
			<key>sourceTree</key>
			<string>&lt;group&gt;</string>
		</dict>
		<key>700C08461AF008D000A14D93</key>
		<dict>
			<key>children</key>
			<array>
				<string>700C08471AF008D000A14D93</string>
				<string>700C08481AF008D000A14D93</string>
				<string>700C08491AF008D000A14D93</string>
				<string>700C084A1AF008D000A14D93</string>
			</array>
			<key>isa</key>
			<string>PBXGroup</string>
			<key>path</key>
			<string>base</string>
			<key>sourceTree</key>
			<string>&lt;group&gt;</string>
		</dict>
		<key>700C08471AF008D000A14D93</key>
		<dict>
			<key>fileEncoding</key>
			<string>4</string>
			<key>isa</key>
			<string>PBXFileReference</string>
			<key>lastKnownFileType</key>
			<string>sourcecode.c.h</string>
			<key>path</key>
			<string>AppDelegate.h</string>
			<key>sourceTree</key>
			<string>&lt;group&gt;</string>
		</dict>
		<key>700C08481AF008D000A14D93</key>
		<dict>
			<key>fileEncoding</key>
			<string>4</string>
			<key>isa</key>
			<string>PBXFileReference</string>
			<key>lastKnownFileType</key>
			<string>sourcecode.c.objc</string>
			<key>path</key>
			<string>AppDelegate.m</string>
			<key>sourceTree</key>
			<string>&lt;group&gt;</string>
		</dict>
		<key>700C08491AF008D000A14D93</key>
		<dict>
			<key>fileEncoding</key>
			<string>4</string>
			<key>isa</key>
			<string>PBXFileReference</string>
			<key>lastKnownFileType</key>
			<string>sourcecode.c.h</string>
			<key>path</key>
			<string>LZCommon.h</string>
			<key>sourceTree</key>
			<string>&lt;group&gt;</string>
		</dict>
		<key>700C084A1AF008D000A14D93</key>
		<dict>
			<key>fileEncoding</key>
			<string>4</string>
			<key>isa</key>
			<string>PBXFileReference</string>
			<key>lastKnownFileType</key>
			<string>sourcecode.c.h</string>
			<key>path</key>
			<string>LZMacros.h</string>
			<key>sourceTree</key>
			<string>&lt;group&gt;</string>
		</dict>
		<key>700C084B1AF008D000A14D93</key>
		<dict>
			<key>children</key>
			<array>
				<string>700C084C1AF008D000A14D93</string>
			</array>
			<key>isa</key>
			<string>PBXVariantGroup</string>
			<key>name</key>
			<string>LaunchScreen.xib</string>
			<key>sourceTree</key>
			<string>&lt;group&gt;</string>
		</dict>
		<key>700C084C1AF008D000A14D93</key>
		<dict>
			<key>isa</key>
			<string>PBXFileReference</string>
			<key>lastKnownFileType</key>
			<string>file.xib</string>
			<key>name</key>
			<string>Base</string>
			<key>path</key>
			<string>Base.lproj/LaunchScreen.xib</string>
			<key>sourceTree</key>
			<string>&lt;group&gt;</string>
		</dict>
		<key>700C084D1AF008D000A14D93</key>
		<dict>
			<key>isa</key>
			<string>PBXFileReference</string>
			<key>lastKnownFileType</key>
			<string>folder.assetcatalog</string>
			<key>path</key>
			<string>Images.xcassets</string>
			<key>sourceTree</key>
			<string>&lt;group&gt;</string>
		</dict>
		<key>700C084E1AF008D000A14D93</key>
		<dict>
			<key>fileEncoding</key>
			<string>4</string>
			<key>isa</key>
			<string>PBXFileReference</string>
			<key>lastKnownFileType</key>
			<string>text.plist.xml</string>
			<key>path</key>
			<string>Info.plist</string>
			<key>sourceTree</key>
			<string>&lt;group&gt;</string>
		</dict>
		<key>700C084F1AF008D000A14D93</key>
		<dict>
			<key>fileEncoding</key>
			<string>4</string>
			<key>isa</key>
			<string>PBXFileReference</string>
			<key>lastKnownFileType</key>
			<string>sourcecode.c.objc</string>
			<key>path</key>
			<string>main.m</string>
			<key>sourceTree</key>
			<string>&lt;group&gt;</string>
		</dict>
		<key>700C08511AF008D000A14D93</key>
		<dict>
			<key>fileEncoding</key>
			<string>4</string>
			<key>isa</key>
			<string>PBXFileReference</string>
			<key>lastKnownFileType</key>
			<string>sourcecode.c.h</string>
			<key>name</key>
			<string>LZAlbumManager.h</string>
			<key>path</key>
			<string>manager/LZAlbumManager.h</string>
			<key>sourceTree</key>
			<string>&lt;group&gt;</string>
		</dict>
		<key>700C08521AF008D000A14D93</key>
		<dict>
			<key>fileEncoding</key>
			<string>4</string>
			<key>isa</key>
			<string>PBXFileReference</string>
			<key>lastKnownFileType</key>
			<string>sourcecode.c.objc</string>
			<key>name</key>
			<string>LZAlbumManager.m</string>
			<key>path</key>
			<string>manager/LZAlbumManager.m</string>
			<key>sourceTree</key>
			<string>&lt;group&gt;</string>
		</dict>
		<key>700C08531AF008D000A14D93</key>
		<dict>
			<key>children</key>
			<array>
				<string>700C08561AF008D000A14D93</string>
				<string>700C085F1AF008D000A14D93</string>
				<string>700C08601AF008D000A14D93</string>
				<string>70FD92631B91BE32003ECB1A</string>
				<string>70FD92641B91BE32003ECB1A</string>
			</array>
			<key>isa</key>
			<string>PBXGroup</string>
			<key>path</key>
			<string>model</string>
			<key>sourceTree</key>
			<string>&lt;group&gt;</string>
		</dict>
		<key>700C08561AF008D000A14D93</key>
		<dict>
			<key>children</key>
			<array>
				<string>700C08571AF008D000A14D93</string>
				<string>700C08581AF008D000A14D93</string>
				<string>700C08591AF008D000A14D93</string>
				<string>700C085A1AF008D000A14D93</string>
				<string>700C085B1AF008D000A14D93</string>
				<string>700C085C1AF008D000A14D93</string>
			</array>
			<key>isa</key>
			<string>PBXGroup</string>
			<key>path</key>
			<string>form</string>
			<key>sourceTree</key>
			<string>&lt;group&gt;</string>
		</dict>
		<key>700C08571AF008D000A14D93</key>
		<dict>
			<key>fileEncoding</key>
			<string>4</string>
			<key>isa</key>
			<string>PBXFileReference</string>
			<key>lastKnownFileType</key>
			<string>sourcecode.c.h</string>
			<key>path</key>
			<string>LZEntryForm.h</string>
			<key>sourceTree</key>
			<string>&lt;group&gt;</string>
		</dict>
		<key>700C08581AF008D000A14D93</key>
		<dict>
			<key>fileEncoding</key>
			<string>4</string>
			<key>isa</key>
			<string>PBXFileReference</string>
			<key>lastKnownFileType</key>
			<string>sourcecode.c.objc</string>
			<key>path</key>
			<string>LZEntryForm.m</string>
			<key>sourceTree</key>
			<string>&lt;group&gt;</string>
		</dict>
		<key>700C08591AF008D000A14D93</key>
		<dict>
			<key>fileEncoding</key>
			<string>4</string>
			<key>isa</key>
			<string>PBXFileReference</string>
			<key>lastKnownFileType</key>
			<string>sourcecode.c.h</string>
			<key>path</key>
			<string>LZLoginForm.h</string>
			<key>sourceTree</key>
			<string>&lt;group&gt;</string>
		</dict>
		<key>700C085A1AF008D000A14D93</key>
		<dict>
			<key>fileEncoding</key>
			<string>4</string>
			<key>isa</key>
			<string>PBXFileReference</string>
			<key>lastKnownFileType</key>
			<string>sourcecode.c.objc</string>
			<key>path</key>
			<string>LZLoginForm.m</string>
			<key>sourceTree</key>
			<string>&lt;group&gt;</string>
		</dict>
		<key>700C085B1AF008D000A14D93</key>
		<dict>
			<key>fileEncoding</key>
			<string>4</string>
			<key>isa</key>
			<string>PBXFileReference</string>
			<key>lastKnownFileType</key>
			<string>sourcecode.c.h</string>
			<key>path</key>
			<string>LZRegisterForm.h</string>
			<key>sourceTree</key>
			<string>&lt;group&gt;</string>
		</dict>
		<key>700C085C1AF008D000A14D93</key>
		<dict>
			<key>fileEncoding</key>
			<string>4</string>
			<key>isa</key>
			<string>PBXFileReference</string>
			<key>lastKnownFileType</key>
			<string>sourcecode.c.objc</string>
			<key>path</key>
			<string>LZRegisterForm.m</string>
			<key>sourceTree</key>
			<string>&lt;group&gt;</string>
		</dict>
		<key>700C085F1AF008D000A14D93</key>
		<dict>
			<key>fileEncoding</key>
			<string>4</string>
			<key>isa</key>
			<string>PBXFileReference</string>
			<key>lastKnownFileType</key>
			<string>sourcecode.c.h</string>
			<key>path</key>
			<string>LZAlbum.h</string>
			<key>sourceTree</key>
			<string>&lt;group&gt;</string>
		</dict>
		<key>700C08601AF008D000A14D93</key>
		<dict>
			<key>fileEncoding</key>
			<string>4</string>
			<key>isa</key>
			<string>PBXFileReference</string>
			<key>lastKnownFileType</key>
			<string>sourcecode.c.objc</string>
			<key>path</key>
			<string>LZAlbum.m</string>
			<key>sourceTree</key>
			<string>&lt;group&gt;</string>
		</dict>
		<key>700C08641AF008D000A14D93</key>
		<dict>
			<key>children</key>
			<array>
				<string>700C08651AF008D000A14D93</string>
				<string>700C08661AF008D000A14D93</string>
				<string>700C08671AF008D000A14D93</string>
				<string>700C08681AF008D000A14D93</string>
				<string>700C08691AF008D000A14D93</string>
				<string>700C086A1AF008D000A14D93</string>
				<string>700C086B1AF008D000A14D93</string>
				<string>700C086C1AF008D000A14D93</string>
				<string>700C086D1AF008D000A14D93</string>
				<string>700C086E1AF008D000A14D93</string>
				<string>700C086F1AF008D000A14D93</string>
			</array>
			<key>isa</key>
			<string>PBXGroup</string>
			<key>path</key>
			<string>resources</string>
			<key>sourceTree</key>
			<string>&lt;group&gt;</string>
		</dict>
		<key>700C08651AF008D000A14D93</key>
		<dict>
			<key>isa</key>
			<string>PBXFileReference</string>
			<key>lastKnownFileType</key>
			<string>image.png</string>
			<key>path</key>
			<string>album_add_photo@2x.png</string>
			<key>sourceTree</key>
			<string>&lt;group&gt;</string>
		</dict>
		<key>700C08661AF008D000A14D93</key>
		<dict>
			<key>isa</key>
			<string>PBXFileReference</string>
			<key>lastKnownFileType</key>
			<string>image.png</string>
			<key>path</key>
			<string>Album_like_icon@2x.png</string>
			<key>sourceTree</key>
			<string>&lt;group&gt;</string>
		</dict>
		<key>700C08671AF008D000A14D93</key>
		<dict>
			<key>isa</key>
			<string>PBXFileReference</string>
			<key>lastKnownFileType</key>
			<string>image.png</string>
			<key>path</key>
			<string>Album_likes_comments_background@2x.png</string>
			<key>sourceTree</key>
			<string>&lt;group&gt;</string>
		</dict>
		<key>700C08681AF008D000A14D93</key>
		<dict>
			<key>isa</key>
			<string>PBXFileReference</string>
			<key>lastKnownFileType</key>
			<string>image.png</string>
			<key>path</key>
			<string>AlbumAddBtn@2x.png</string>
			<key>sourceTree</key>
			<string>&lt;group&gt;</string>
		</dict>
		<key>700C08691AF008D000A14D93</key>
		<dict>
			<key>isa</key>
			<string>PBXFileReference</string>
			<key>lastKnownFileType</key>
			<string>image.png</string>
			<key>path</key>
			<string>AlbumAddBtnHL@2x.png</string>
			<key>sourceTree</key>
			<string>&lt;group&gt;</string>
		</dict>
		<key>700C086A1AF008D000A14D93</key>
		<dict>
			<key>isa</key>
			<string>PBXFileReference</string>
			<key>lastKnownFileType</key>
			<string>image.png</string>
			<key>path</key>
			<string>AlbumFlagMark@2x.png</string>
			<key>sourceTree</key>
			<string>&lt;group&gt;</string>
		</dict>
		<key>700C086B1AF008D000A14D93</key>
		<dict>
			<key>isa</key>
			<string>PBXFileReference</string>
			<key>lastKnownFileType</key>
			<string>image.png</string>
			<key>path</key>
			<string>AlbumHeaderBackgrounImage@2x.png</string>
			<key>sourceTree</key>
			<string>&lt;group&gt;</string>
		</dict>
		<key>700C086C1AF008D000A14D93</key>
		<dict>
			<key>isa</key>
			<string>PBXFileReference</string>
			<key>lastKnownFileType</key>
			<string>image.png</string>
			<key>path</key>
			<string>AlbumInformationLikeHL@2x.png</string>
			<key>sourceTree</key>
			<string>&lt;group&gt;</string>
		</dict>
		<key>700C086D1AF008D000A14D93</key>
		<dict>
			<key>isa</key>
			<string>PBXFileReference</string>
			<key>lastKnownFileType</key>
			<string>image.png</string>
			<key>path</key>
			<string>AlbumInformationLikeHL@3x.png</string>
			<key>sourceTree</key>
			<string>&lt;group&gt;</string>
		</dict>
		<key>700C086E1AF008D000A14D93</key>
		<dict>
			<key>isa</key>
			<string>PBXFileReference</string>
			<key>lastKnownFileType</key>
			<string>image.png</string>
			<key>path</key>
			<string>AlbumOperateMore@2x.png</string>
			<key>sourceTree</key>
			<string>&lt;group&gt;</string>
		</dict>
		<key>700C086F1AF008D000A14D93</key>
		<dict>
			<key>isa</key>
			<string>PBXFileReference</string>
			<key>lastKnownFileType</key>
			<string>image.png</string>
			<key>path</key>
			<string>AlbumOperateMoreHL@2x.png</string>
			<key>sourceTree</key>
			<string>&lt;group&gt;</string>
		</dict>
		<key>700C08701AF008D000A14D93</key>
		<dict>
			<key>children</key>
			<array>
				<string>700C08711AF008D000A14D93</string>
				<string>700C08721AF008D000A14D93</string>
				<string>700C08731AF008D000A14D93</string>
				<string>700C08741AF008D000A14D93</string>
				<string>700C08751AF008D000A14D93</string>
				<string>700C08761AF008D000A14D93</string>
				<string>700C08771AF008D000A14D93</string>
			</array>
			<key>isa</key>
			<string>PBXGroup</string>
			<key>path</key>
			<string>ui</string>
			<key>sourceTree</key>
			<string>&lt;group&gt;</string>
		</dict>
		<key>700C08711AF008D000A14D93</key>
		<dict>
			<key>fileEncoding</key>
			<string>4</string>
			<key>isa</key>
			<string>PBXFileReference</string>
			<key>lastKnownFileType</key>
			<string>sourcecode.c.h</string>
			<key>path</key>
			<string>LZBaseTC.h</string>
			<key>sourceTree</key>
			<string>&lt;group&gt;</string>
		</dict>
		<key>700C08721AF008D000A14D93</key>
		<dict>
			<key>fileEncoding</key>
			<string>4</string>
			<key>isa</key>
			<string>PBXFileReference</string>
			<key>lastKnownFileType</key>
			<string>sourcecode.c.objc</string>
			<key>path</key>
			<string>LZBaseTC.m</string>
			<key>sourceTree</key>
			<string>&lt;group&gt;</string>
		</dict>
		<key>700C08731AF008D000A14D93</key>
		<dict>
			<key>fileEncoding</key>
			<string>4</string>
			<key>isa</key>
			<string>PBXFileReference</string>
			<key>lastKnownFileType</key>
			<string>sourcecode.c.h</string>
			<key>path</key>
			<string>LZBaseVC.h</string>
			<key>sourceTree</key>
			<string>&lt;group&gt;</string>
		</dict>
		<key>700C08741AF008D000A14D93</key>
		<dict>
			<key>fileEncoding</key>
			<string>4</string>
			<key>isa</key>
			<string>PBXFileReference</string>
			<key>lastKnownFileType</key>
			<string>sourcecode.c.objc</string>
			<key>path</key>
			<string>LZBaseVC.m</string>
			<key>sourceTree</key>
			<string>&lt;group&gt;</string>
		</dict>
		<key>700C08751AF008D000A14D93</key>
		<dict>
			<key>fileEncoding</key>
			<string>4</string>
			<key>isa</key>
			<string>PBXFileReference</string>
			<key>lastKnownFileType</key>
			<string>sourcecode.c.h</string>
			<key>path</key>
			<string>LZEntryFormController.h</string>
			<key>sourceTree</key>
			<string>&lt;group&gt;</string>
		</dict>
		<key>700C08761AF008D000A14D93</key>
		<dict>
			<key>fileEncoding</key>
			<string>4</string>
			<key>isa</key>
			<string>PBXFileReference</string>
			<key>lastKnownFileType</key>
			<string>sourcecode.c.objc</string>
			<key>path</key>
			<string>LZEntryFormController.m</string>
			<key>sourceTree</key>
			<string>&lt;group&gt;</string>
		</dict>
		<key>700C08771AF008D000A14D93</key>
		<dict>
			<key>children</key>
			<array>
				<string>B860E6931DC1DD3E009500D6</string>
				<string>B860E6871DC0CA89009500D6</string>
				<string>B860E6881DC0CA89009500D6</string>
				<string>70E6FC231BE7488400F4CA8E</string>
				<string>70E6FC241BE7488400F4CA8E</string>
				<string>700C08781AF008D000A14D93</string>
				<string>700C08791AF008D000A14D93</string>
				<string>700C087A1AF008D000A14D93</string>
				<string>700C087B1AF008D000A14D93</string>
				<string>70FD92601B91B47C003ECB1A</string>
				<string>70FD92611B91B47C003ECB1A</string>
				<string>700C087C1AF008D000A14D93</string>
				<string>700C087D1AF008D000A14D93</string>
				<string>700C087E1AF008D000A14D93</string>
				<string>700C087F1AF008D000A14D93</string>
				<string>700C08801AF008D000A14D93</string>
				<string>700C08811AF008D000A14D93</string>
				<string>700C08821AF008D000A14D93</string>
				<string>700C08831AF008D000A14D93</string>
				<string>700C08841AF008D000A14D93</string>
				<string>700C08851AF008D000A14D93</string>
				<string>B860E6951DC1E773009500D6</string>
				<string>B860E6961DC1E773009500D6</string>
			</array>
			<key>isa</key>
			<string>PBXGroup</string>
			<key>path</key>
			<string>views</string>
			<key>sourceTree</key>
			<string>&lt;group&gt;</string>
		</dict>
		<key>700C08781AF008D000A14D93</key>
		<dict>
			<key>fileEncoding</key>
			<string>4</string>
			<key>isa</key>
			<string>PBXFileReference</string>
			<key>lastKnownFileType</key>
			<string>sourcecode.c.h</string>
			<key>path</key>
			<string>LZAlbumCollectionFlowLayout.h</string>
			<key>sourceTree</key>
			<string>&lt;group&gt;</string>
		</dict>
		<key>700C08791AF008D000A14D93</key>
		<dict>
			<key>fileEncoding</key>
			<string>4</string>
			<key>isa</key>
			<string>PBXFileReference</string>
			<key>lastKnownFileType</key>
			<string>sourcecode.c.objc</string>
			<key>path</key>
			<string>LZAlbumCollectionFlowLayout.m</string>
			<key>sourceTree</key>
			<string>&lt;group&gt;</string>
		</dict>
		<key>700C087A1AF008D000A14D93</key>
		<dict>
			<key>fileEncoding</key>
			<string>4</string>
			<key>isa</key>
			<string>PBXFileReference</string>
			<key>lastKnownFileType</key>
			<string>sourcecode.c.h</string>
			<key>path</key>
			<string>LZAlbumLikesCommentsView.h</string>
			<key>sourceTree</key>
			<string>&lt;group&gt;</string>
		</dict>
		<key>700C087B1AF008D000A14D93</key>
		<dict>
			<key>fileEncoding</key>
			<string>4</string>
			<key>isa</key>
			<string>PBXFileReference</string>
			<key>lastKnownFileType</key>
			<string>sourcecode.c.objc</string>
			<key>path</key>
			<string>LZAlbumLikesCommentsView.m</string>
			<key>sourceTree</key>
			<string>&lt;group&gt;</string>
		</dict>
		<key>700C087C1AF008D000A14D93</key>
		<dict>
			<key>fileEncoding</key>
			<string>4</string>
			<key>isa</key>
			<string>PBXFileReference</string>
			<key>lastKnownFileType</key>
			<string>sourcecode.c.h</string>
			<key>path</key>
			<string>LZAlbumOperationView.h</string>
			<key>sourceTree</key>
			<string>&lt;group&gt;</string>
		</dict>
		<key>700C087D1AF008D000A14D93</key>
		<dict>
			<key>fileEncoding</key>
			<string>4</string>
			<key>isa</key>
			<string>PBXFileReference</string>
			<key>lastKnownFileType</key>
			<string>sourcecode.c.objc</string>
			<key>path</key>
			<string>LZAlbumOperationView.m</string>
			<key>sourceTree</key>
			<string>&lt;group&gt;</string>
		</dict>
		<key>700C087E1AF008D000A14D93</key>
		<dict>
			<key>fileEncoding</key>
			<string>4</string>
			<key>isa</key>
			<string>PBXFileReference</string>
			<key>lastKnownFileType</key>
			<string>sourcecode.c.h</string>
			<key>path</key>
			<string>LZAlbumPhotoCollectionViewCell.h</string>
			<key>sourceTree</key>
			<string>&lt;group&gt;</string>
		</dict>
		<key>700C087F1AF008D000A14D93</key>
		<dict>
			<key>fileEncoding</key>
			<string>4</string>
			<key>isa</key>
			<string>PBXFileReference</string>
			<key>lastKnownFileType</key>
			<string>sourcecode.c.objc</string>
			<key>path</key>
			<string>LZAlbumPhotoCollectionViewCell.m</string>
			<key>sourceTree</key>
			<string>&lt;group&gt;</string>
		</dict>
		<key>700C08801AF008D000A14D93</key>
		<dict>
			<key>fileEncoding</key>
			<string>4</string>
			<key>isa</key>
			<string>PBXFileReference</string>
			<key>lastKnownFileType</key>
			<string>sourcecode.c.h</string>
			<key>path</key>
			<string>LZAlbumReplyView.h</string>
			<key>sourceTree</key>
			<string>&lt;group&gt;</string>
		</dict>
		<key>700C08811AF008D000A14D93</key>
		<dict>
			<key>fileEncoding</key>
			<string>4</string>
			<key>isa</key>
			<string>PBXFileReference</string>
			<key>lastKnownFileType</key>
			<string>sourcecode.c.objc</string>
			<key>path</key>
			<string>LZAlbumReplyView.m</string>
			<key>sourceTree</key>
			<string>&lt;group&gt;</string>
		</dict>
		<key>700C08821AF008D000A14D93</key>
		<dict>
			<key>fileEncoding</key>
			<string>4</string>
			<key>isa</key>
			<string>PBXFileReference</string>
			<key>lastKnownFileType</key>
			<string>sourcecode.c.h</string>
			<key>path</key>
			<string>LZAlbumRichTextView.h</string>
			<key>sourceTree</key>
			<string>&lt;group&gt;</string>
		</dict>
		<key>700C08831AF008D000A14D93</key>
		<dict>
			<key>fileEncoding</key>
			<string>4</string>
			<key>isa</key>
			<string>PBXFileReference</string>
			<key>lastKnownFileType</key>
			<string>sourcecode.c.objc</string>
			<key>path</key>
			<string>LZAlbumRichTextView.m</string>
			<key>sourceTree</key>
			<string>&lt;group&gt;</string>
		</dict>
		<key>700C08841AF008D000A14D93</key>
		<dict>
			<key>fileEncoding</key>
			<string>4</string>
			<key>isa</key>
			<string>PBXFileReference</string>
			<key>lastKnownFileType</key>
			<string>sourcecode.c.h</string>
			<key>path</key>
			<string>LZAlbumTableViewCell.h</string>
			<key>sourceTree</key>
			<string>&lt;group&gt;</string>
		</dict>
		<key>700C08851AF008D000A14D93</key>
		<dict>
			<key>fileEncoding</key>
			<string>4</string>
			<key>isa</key>
			<string>PBXFileReference</string>
			<key>lastKnownFileType</key>
			<string>sourcecode.c.objc</string>
			<key>path</key>
			<string>LZAlbumTableViewCell.m</string>
			<key>sourceTree</key>
			<string>&lt;group&gt;</string>
		</dict>
		<key>700C08861AF008D000A14D93</key>
		<dict>
			<key>children</key>
			<array>
				<string>700C08871AF008D000A14D93</string>
				<string>700C08941AF008D000A14D93</string>
				<string>700C089B1AF008D000A14D93</string>
			</array>
			<key>isa</key>
			<string>PBXGroup</string>
			<key>path</key>
			<string>vendor</string>
			<key>sourceTree</key>
			<string>&lt;group&gt;</string>
		</dict>
		<key>700C08871AF008D000A14D93</key>
		<dict>
			<key>children</key>
			<array>
				<string>700C08881AF008D000A14D93</string>
				<string>700C088E1AF008D000A14D93</string>
				<string>700C088F1AF008D000A14D93</string>
				<string>700C08901AF008D000A14D93</string>
				<string>700C08911AF008D000A14D93</string>
				<string>700C08921AF008D000A14D93</string>
				<string>700C08931AF008D000A14D93</string>
			</array>
			<key>isa</key>
			<string>PBXGroup</string>
			<key>path</key>
			<string>PathCover</string>
			<key>sourceTree</key>
			<string>&lt;group&gt;</string>
		</dict>
		<key>700C08881AF008D000A14D93</key>
		<dict>
			<key>children</key>
			<array>
				<string>700C08891AF008D000A14D93</string>
				<string>700C088A1AF008D000A14D93</string>
				<string>700C088B1AF008D000A14D93</string>
				<string>700C088C1AF008D000A14D93</string>
				<string>700C088D1AF008D000A14D93</string>
			</array>
			<key>isa</key>
			<string>PBXGroup</string>
			<key>path</key>
			<string>Resources</string>
			<key>sourceTree</key>
			<string>&lt;group&gt;</string>
		</dict>
		<key>700C08891AF008D000A14D93</key>
		<dict>
			<key>isa</key>
			<string>PBXFileReference</string>
			<key>lastKnownFileType</key>
			<string>image.png</string>
			<key>path</key>
			<string>circle.png</string>
			<key>sourceTree</key>
			<string>&lt;group&gt;</string>
		</dict>
		<key>700C088A1AF008D000A14D93</key>
		<dict>
			<key>isa</key>
			<string>PBXFileReference</string>
			<key>lastKnownFileType</key>
			<string>image.png</string>
			<key>path</key>
			<string>circle@2x.png</string>
			<key>sourceTree</key>
			<string>&lt;group&gt;</string>
		</dict>
		<key>700C088B1AF008D000A14D93</key>
		<dict>
			<key>isa</key>
			<string>PBXFileReference</string>
			<key>lastKnownFileType</key>
			<string>image.png</string>
			<key>path</key>
			<string>meicon.png</string>
			<key>sourceTree</key>
			<string>&lt;group&gt;</string>
		</dict>
		<key>700C088C1AF008D000A14D93</key>
		<dict>
			<key>isa</key>
			<string>PBXFileReference</string>
			<key>lastKnownFileType</key>
			<string>image.png</string>
			<key>path</key>
			<string>MenuBackground@2x.png</string>
			<key>sourceTree</key>
			<string>&lt;group&gt;</string>
		</dict>
		<key>700C088D1AF008D000A14D93</key>
		<dict>
			<key>isa</key>
			<string>PBXFileReference</string>
			<key>lastKnownFileType</key>
			<string>file</string>
			<key>path</key>
			<string>pullrefresh.aif</string>
			<key>sourceTree</key>
			<string>&lt;group&gt;</string>
		</dict>
		<key>700C088E1AF008D000A14D93</key>
		<dict>
			<key>fileEncoding</key>
			<string>4</string>
			<key>isa</key>
			<string>PBXFileReference</string>
			<key>lastKnownFileType</key>
			<string>sourcecode.c.h</string>
			<key>path</key>
			<string>XHPathCover.h</string>
			<key>sourceTree</key>
			<string>&lt;group&gt;</string>
		</dict>
		<key>700C088F1AF008D000A14D93</key>
		<dict>
			<key>fileEncoding</key>
			<string>4</string>
			<key>isa</key>
			<string>PBXFileReference</string>
			<key>lastKnownFileType</key>
			<string>sourcecode.c.objc</string>
			<key>path</key>
			<string>XHPathCover.m</string>
			<key>sourceTree</key>
			<string>&lt;group&gt;</string>
		</dict>
		<key>700C08901AF008D000A14D93</key>
		<dict>
			<key>fileEncoding</key>
			<string>4</string>
			<key>isa</key>
			<string>PBXFileReference</string>
			<key>lastKnownFileType</key>
			<string>sourcecode.c.h</string>
			<key>path</key>
			<string>XHSoundManager.h</string>
			<key>sourceTree</key>
			<string>&lt;group&gt;</string>
		</dict>
		<key>700C08911AF008D000A14D93</key>
		<dict>
			<key>fileEncoding</key>
			<string>4</string>
			<key>isa</key>
			<string>PBXFileReference</string>
			<key>lastKnownFileType</key>
			<string>sourcecode.c.objc</string>
			<key>path</key>
			<string>XHSoundManager.m</string>
			<key>sourceTree</key>
			<string>&lt;group&gt;</string>
		</dict>
		<key>700C08921AF008D000A14D93</key>
		<dict>
			<key>fileEncoding</key>
			<string>4</string>
			<key>isa</key>
			<string>PBXFileReference</string>
			<key>lastKnownFileType</key>
			<string>sourcecode.c.h</string>
			<key>path</key>
			<string>XHWaterDropRefresh.h</string>
			<key>sourceTree</key>
			<string>&lt;group&gt;</string>
		</dict>
		<key>700C08931AF008D000A14D93</key>
		<dict>
			<key>fileEncoding</key>
			<string>4</string>
			<key>isa</key>
			<string>PBXFileReference</string>
			<key>lastKnownFileType</key>
			<string>sourcecode.c.objc</string>
			<key>path</key>
			<string>XHWaterDropRefresh.m</string>
			<key>sourceTree</key>
			<string>&lt;group&gt;</string>
		</dict>
		<key>700C08941AF008D000A14D93</key>
		<dict>
			<key>children</key>
			<array>
				<string>700C08951AF008D000A14D93</string>
				<string>700C08961AF008D000A14D93</string>
				<string>700C08971AF008D000A14D93</string>
				<string>700C08981AF008D000A14D93</string>
				<string>700C08991AF008D000A14D93</string>
				<string>700C089A1AF008D000A14D93</string>
			</array>
			<key>isa</key>
			<string>PBXGroup</string>
			<key>path</key>
			<string>XHImageViewer</string>
			<key>sourceTree</key>
			<string>&lt;group&gt;</string>
		</dict>
		<key>700C08951AF008D000A14D93</key>
		<dict>
			<key>fileEncoding</key>
			<string>4</string>
			<key>isa</key>
			<string>PBXFileReference</string>
			<key>lastKnownFileType</key>
			<string>sourcecode.c.h</string>
			<key>path</key>
			<string>XHImageViewer.h</string>
			<key>sourceTree</key>
			<string>&lt;group&gt;</string>
		</dict>
		<key>700C08961AF008D000A14D93</key>
		<dict>
			<key>fileEncoding</key>
			<string>4</string>
			<key>isa</key>
			<string>PBXFileReference</string>
			<key>lastKnownFileType</key>
			<string>sourcecode.c.objc</string>
			<key>path</key>
			<string>XHImageViewer.m</string>
			<key>sourceTree</key>
			<string>&lt;group&gt;</string>
		</dict>
		<key>700C08971AF008D000A14D93</key>
		<dict>
			<key>fileEncoding</key>
			<string>4</string>
			<key>isa</key>
			<string>PBXFileReference</string>
			<key>lastKnownFileType</key>
			<string>sourcecode.c.h</string>
			<key>path</key>
			<string>XHViewState.h</string>
			<key>sourceTree</key>
			<string>&lt;group&gt;</string>
		</dict>
		<key>700C08981AF008D000A14D93</key>
		<dict>
			<key>fileEncoding</key>
			<string>4</string>
			<key>isa</key>
			<string>PBXFileReference</string>
			<key>lastKnownFileType</key>
			<string>sourcecode.c.objc</string>
			<key>path</key>
			<string>XHViewState.m</string>
			<key>sourceTree</key>
			<string>&lt;group&gt;</string>
		</dict>
		<key>700C08991AF008D000A14D93</key>
		<dict>
			<key>fileEncoding</key>
			<string>4</string>
			<key>isa</key>
			<string>PBXFileReference</string>
			<key>lastKnownFileType</key>
			<string>sourcecode.c.h</string>
			<key>path</key>
			<string>XHZoomingImageView.h</string>
			<key>sourceTree</key>
			<string>&lt;group&gt;</string>
		</dict>
		<key>700C089A1AF008D000A14D93</key>
		<dict>
			<key>fileEncoding</key>
			<string>4</string>
			<key>isa</key>
			<string>PBXFileReference</string>
			<key>lastKnownFileType</key>
			<string>sourcecode.c.objc</string>
			<key>path</key>
			<string>XHZoomingImageView.m</string>
			<key>sourceTree</key>
			<string>&lt;group&gt;</string>
		</dict>
		<key>700C089B1AF008D000A14D93</key>
		<dict>
			<key>children</key>
			<array>
				<string>700C089C1AF008D000A14D93</string>
				<string>700C089D1AF008D000A14D93</string>
			</array>
			<key>isa</key>
			<string>PBXGroup</string>
			<key>path</key>
			<string>XHPhotographyHelper</string>
			<key>sourceTree</key>
			<string>&lt;group&gt;</string>
		</dict>
		<key>700C089C1AF008D000A14D93</key>
		<dict>
			<key>fileEncoding</key>
			<string>4</string>
			<key>isa</key>
			<string>PBXFileReference</string>
			<key>lastKnownFileType</key>
			<string>sourcecode.c.h</string>
			<key>path</key>
			<string>XHPhotographyHelper.h</string>
			<key>sourceTree</key>
			<string>&lt;group&gt;</string>
		</dict>
		<key>700C089D1AF008D000A14D93</key>
		<dict>
			<key>fileEncoding</key>
			<string>4</string>
			<key>isa</key>
			<string>PBXFileReference</string>
			<key>lastKnownFileType</key>
			<string>sourcecode.c.objc</string>
			<key>path</key>
			<string>XHPhotographyHelper.m</string>
			<key>sourceTree</key>
			<string>&lt;group&gt;</string>
		</dict>
		<key>700C089E1AF008D000A14D93</key>
		<dict>
			<key>fileRef</key>
			<string>700C08421AF008D000A14D93</string>
			<key>isa</key>
			<string>PBXBuildFile</string>
		</dict>
		<key>700C089F1AF008D000A14D93</key>
		<dict>
			<key>fileRef</key>
			<string>700C08431AF008D000A14D93</string>
			<key>isa</key>
			<string>PBXBuildFile</string>
		</dict>
		<key>700C08A01AF008D000A14D93</key>
		<dict>
			<key>fileRef</key>
			<string>700C08451AF008D000A14D93</string>
			<key>isa</key>
			<string>PBXBuildFile</string>
		</dict>
		<key>700C08A11AF008D000A14D93</key>
		<dict>
			<key>fileRef</key>
			<string>700C08481AF008D000A14D93</string>
			<key>isa</key>
			<string>PBXBuildFile</string>
		</dict>
		<key>700C08A21AF008D000A14D93</key>
		<dict>
			<key>fileRef</key>
			<string>700C084B1AF008D000A14D93</string>
			<key>isa</key>
			<string>PBXBuildFile</string>
		</dict>
		<key>700C08A31AF008D000A14D93</key>
		<dict>
			<key>fileRef</key>
			<string>700C084D1AF008D000A14D93</string>
			<key>isa</key>
			<string>PBXBuildFile</string>
		</dict>
		<key>700C08A41AF008D000A14D93</key>
		<dict>
			<key>fileRef</key>
			<string>700C084E1AF008D000A14D93</string>
			<key>isa</key>
			<string>PBXBuildFile</string>
		</dict>
		<key>700C08A51AF008D000A14D93</key>
		<dict>
			<key>fileRef</key>
			<string>700C084F1AF008D000A14D93</string>
			<key>isa</key>
			<string>PBXBuildFile</string>
		</dict>
		<key>700C08A61AF008D000A14D93</key>
		<dict>
			<key>fileRef</key>
			<string>700C08521AF008D000A14D93</string>
			<key>isa</key>
			<string>PBXBuildFile</string>
		</dict>
		<key>700C08A81AF008D000A14D93</key>
		<dict>
			<key>fileRef</key>
			<string>700C08581AF008D000A14D93</string>
			<key>isa</key>
			<string>PBXBuildFile</string>
		</dict>
		<key>700C08A91AF008D000A14D93</key>
		<dict>
			<key>fileRef</key>
			<string>700C085A1AF008D000A14D93</string>
			<key>isa</key>
			<string>PBXBuildFile</string>
		</dict>
		<key>700C08AA1AF008D000A14D93</key>
		<dict>
			<key>fileRef</key>
			<string>700C085C1AF008D000A14D93</string>
			<key>isa</key>
			<string>PBXBuildFile</string>
		</dict>
		<key>700C08AC1AF008D000A14D93</key>
		<dict>
			<key>fileRef</key>
			<string>700C08601AF008D000A14D93</string>
			<key>isa</key>
			<string>PBXBuildFile</string>
		</dict>
		<key>700C08AE1AF008D000A14D93</key>
		<dict>
			<key>fileRef</key>
			<string>700C08651AF008D000A14D93</string>
			<key>isa</key>
			<string>PBXBuildFile</string>
		</dict>
		<key>700C08AF1AF008D000A14D93</key>
		<dict>
			<key>fileRef</key>
			<string>700C08661AF008D000A14D93</string>
			<key>isa</key>
			<string>PBXBuildFile</string>
		</dict>
		<key>700C08B01AF008D000A14D93</key>
		<dict>
			<key>fileRef</key>
			<string>700C08671AF008D000A14D93</string>
			<key>isa</key>
			<string>PBXBuildFile</string>
		</dict>
		<key>700C08B11AF008D000A14D93</key>
		<dict>
			<key>fileRef</key>
			<string>700C08681AF008D000A14D93</string>
			<key>isa</key>
			<string>PBXBuildFile</string>
		</dict>
		<key>700C08B21AF008D000A14D93</key>
		<dict>
			<key>fileRef</key>
			<string>700C08691AF008D000A14D93</string>
			<key>isa</key>
			<string>PBXBuildFile</string>
		</dict>
		<key>700C08B31AF008D000A14D93</key>
		<dict>
			<key>fileRef</key>
			<string>700C086A1AF008D000A14D93</string>
			<key>isa</key>
			<string>PBXBuildFile</string>
		</dict>
		<key>700C08B41AF008D000A14D93</key>
		<dict>
			<key>fileRef</key>
			<string>700C086B1AF008D000A14D93</string>
			<key>isa</key>
			<string>PBXBuildFile</string>
		</dict>
		<key>700C08B51AF008D000A14D93</key>
		<dict>
			<key>fileRef</key>
			<string>700C086C1AF008D000A14D93</string>
			<key>isa</key>
			<string>PBXBuildFile</string>
		</dict>
		<key>700C08B61AF008D000A14D93</key>
		<dict>
			<key>fileRef</key>
			<string>700C086D1AF008D000A14D93</string>
			<key>isa</key>
			<string>PBXBuildFile</string>
		</dict>
		<key>700C08B71AF008D000A14D93</key>
		<dict>
			<key>fileRef</key>
			<string>700C086E1AF008D000A14D93</string>
			<key>isa</key>
			<string>PBXBuildFile</string>
		</dict>
		<key>700C08B81AF008D000A14D93</key>
		<dict>
			<key>fileRef</key>
			<string>700C086F1AF008D000A14D93</string>
			<key>isa</key>
			<string>PBXBuildFile</string>
		</dict>
		<key>700C08B91AF008D000A14D93</key>
		<dict>
			<key>fileRef</key>
			<string>700C08721AF008D000A14D93</string>
			<key>isa</key>
			<string>PBXBuildFile</string>
		</dict>
		<key>700C08BA1AF008D000A14D93</key>
		<dict>
			<key>fileRef</key>
			<string>700C08741AF008D000A14D93</string>
			<key>isa</key>
			<string>PBXBuildFile</string>
		</dict>
		<key>700C08BB1AF008D000A14D93</key>
		<dict>
			<key>fileRef</key>
			<string>700C08761AF008D000A14D93</string>
			<key>isa</key>
			<string>PBXBuildFile</string>
		</dict>
		<key>700C08BC1AF008D000A14D93</key>
		<dict>
			<key>fileRef</key>
			<string>700C08791AF008D000A14D93</string>
			<key>isa</key>
			<string>PBXBuildFile</string>
		</dict>
		<key>700C08BD1AF008D000A14D93</key>
		<dict>
			<key>fileRef</key>
			<string>700C087B1AF008D000A14D93</string>
			<key>isa</key>
			<string>PBXBuildFile</string>
		</dict>
		<key>700C08BE1AF008D000A14D93</key>
		<dict>
			<key>fileRef</key>
			<string>700C087D1AF008D000A14D93</string>
			<key>isa</key>
			<string>PBXBuildFile</string>
		</dict>
		<key>700C08BF1AF008D000A14D93</key>
		<dict>
			<key>fileRef</key>
			<string>700C087F1AF008D000A14D93</string>
			<key>isa</key>
			<string>PBXBuildFile</string>
		</dict>
		<key>700C08C01AF008D000A14D93</key>
		<dict>
			<key>fileRef</key>
			<string>700C08811AF008D000A14D93</string>
			<key>isa</key>
			<string>PBXBuildFile</string>
		</dict>
		<key>700C08C11AF008D000A14D93</key>
		<dict>
			<key>fileRef</key>
			<string>700C08831AF008D000A14D93</string>
			<key>isa</key>
			<string>PBXBuildFile</string>
		</dict>
		<key>700C08C21AF008D000A14D93</key>
		<dict>
			<key>fileRef</key>
			<string>700C08851AF008D000A14D93</string>
			<key>isa</key>
			<string>PBXBuildFile</string>
		</dict>
		<key>700C08C31AF008D000A14D93</key>
		<dict>
			<key>fileRef</key>
			<string>700C08891AF008D000A14D93</string>
			<key>isa</key>
			<string>PBXBuildFile</string>
		</dict>
		<key>700C08C41AF008D000A14D93</key>
		<dict>
			<key>fileRef</key>
			<string>700C088A1AF008D000A14D93</string>
			<key>isa</key>
			<string>PBXBuildFile</string>
		</dict>
		<key>700C08C51AF008D000A14D93</key>
		<dict>
			<key>fileRef</key>
			<string>700C088B1AF008D000A14D93</string>
			<key>isa</key>
			<string>PBXBuildFile</string>
		</dict>
		<key>700C08C61AF008D000A14D93</key>
		<dict>
			<key>fileRef</key>
			<string>700C088C1AF008D000A14D93</string>
			<key>isa</key>
			<string>PBXBuildFile</string>
		</dict>
		<key>700C08C71AF008D000A14D93</key>
		<dict>
			<key>fileRef</key>
			<string>700C088D1AF008D000A14D93</string>
			<key>isa</key>
			<string>PBXBuildFile</string>
		</dict>
		<key>700C08C81AF008D000A14D93</key>
		<dict>
			<key>fileRef</key>
			<string>700C088F1AF008D000A14D93</string>
			<key>isa</key>
			<string>PBXBuildFile</string>
		</dict>
		<key>700C08C91AF008D000A14D93</key>
		<dict>
			<key>fileRef</key>
			<string>700C08911AF008D000A14D93</string>
			<key>isa</key>
			<string>PBXBuildFile</string>
		</dict>
		<key>700C08CA1AF008D000A14D93</key>
		<dict>
			<key>fileRef</key>
			<string>700C08931AF008D000A14D93</string>
			<key>isa</key>
			<string>PBXBuildFile</string>
		</dict>
		<key>700C08CB1AF008D000A14D93</key>
		<dict>
			<key>fileRef</key>
			<string>700C08961AF008D000A14D93</string>
			<key>isa</key>
			<string>PBXBuildFile</string>
		</dict>
		<key>700C08CC1AF008D000A14D93</key>
		<dict>
			<key>fileRef</key>
			<string>700C08981AF008D000A14D93</string>
			<key>isa</key>
			<string>PBXBuildFile</string>
		</dict>
		<key>700C08CD1AF008D000A14D93</key>
		<dict>
			<key>fileRef</key>
			<string>700C089A1AF008D000A14D93</string>
			<key>isa</key>
			<string>PBXBuildFile</string>
		</dict>
		<key>700C08CE1AF008D000A14D93</key>
		<dict>
			<key>fileRef</key>
			<string>700C089D1AF008D000A14D93</string>
			<key>isa</key>
			<string>PBXBuildFile</string>
		</dict>
		<key>70BAF8771C1F5E7B00E629F5</key>
		<dict>
			<key>fileEncoding</key>
			<string>4</string>
			<key>isa</key>
			<string>PBXFileReference</string>
			<key>lastKnownFileType</key>
			<string>sourcecode.c.h</string>
			<key>path</key>
			<string>LZBaseTest.h</string>
			<key>sourceTree</key>
			<string>&lt;group&gt;</string>
		</dict>
		<key>70BAF8781C1F5E7B00E629F5</key>
		<dict>
			<key>fileEncoding</key>
			<string>4</string>
			<key>isa</key>
			<string>PBXFileReference</string>
			<key>lastKnownFileType</key>
			<string>sourcecode.c.objc</string>
			<key>path</key>
			<string>LZBaseTest.m</string>
			<key>sourceTree</key>
			<string>&lt;group&gt;</string>
		</dict>
		<key>70BEDBD51B33F0E1004A1D39</key>
		<dict>
			<key>children</key>
			<array>
				<string>70BEDBD61B33F0E1004A1D39</string>
				<string>70BEDBD71B33F0E1004A1D39</string>
				<string>70BEDBD81B33F0E1004A1D39</string>
				<string>70BEDBD91B33F0E1004A1D39</string>
				<string>70BEDBDA1B33F0E1004A1D39</string>
				<string>70BEDBDB1B33F0E1004A1D39</string>
				<string>70BEDBDC1B33F0E1004A1D39</string>
			</array>
			<key>isa</key>
			<string>PBXGroup</string>
			<key>name</key>
			<string>avobject</string>
			<key>path</key>
			<string>model/avobject</string>
			<key>sourceTree</key>
			<string>&lt;group&gt;</string>
		</dict>
		<key>70BEDBD61B33F0E1004A1D39</key>
		<dict>
			<key>fileEncoding</key>
			<string>4</string>
			<key>isa</key>
			<string>PBXFileReference</string>
			<key>lastKnownFileType</key>
			<string>sourcecode.c.h</string>
			<key>path</key>
			<string>AVUser+MCCustomUser.h</string>
			<key>sourceTree</key>
			<string>&lt;group&gt;</string>
		</dict>
		<key>70BEDBD71B33F0E1004A1D39</key>
		<dict>
			<key>fileEncoding</key>
			<string>4</string>
			<key>isa</key>
			<string>PBXFileReference</string>
			<key>lastKnownFileType</key>
			<string>sourcecode.c.objc</string>
			<key>path</key>
			<string>AVUser+MCCustomUser.m</string>
			<key>sourceTree</key>
			<string>&lt;group&gt;</string>
		</dict>
		<key>70BEDBD81B33F0E1004A1D39</key>
		<dict>
			<key>fileEncoding</key>
			<string>4</string>
			<key>isa</key>
			<string>PBXFileReference</string>
			<key>lastKnownFileType</key>
			<string>sourcecode.c.h</string>
			<key>path</key>
			<string>LCAlbum.h</string>
			<key>sourceTree</key>
			<string>&lt;group&gt;</string>
		</dict>
		<key>70BEDBD91B33F0E1004A1D39</key>
		<dict>
			<key>fileEncoding</key>
			<string>4</string>
			<key>isa</key>
			<string>PBXFileReference</string>
			<key>lastKnownFileType</key>
			<string>sourcecode.c.objc</string>
			<key>path</key>
			<string>LCAlbum.m</string>
			<key>sourceTree</key>
			<string>&lt;group&gt;</string>
		</dict>
		<key>70BEDBDA1B33F0E1004A1D39</key>
		<dict>
			<key>fileEncoding</key>
			<string>4</string>
			<key>isa</key>
			<string>PBXFileReference</string>
			<key>lastKnownFileType</key>
			<string>sourcecode.c.h</string>
			<key>path</key>
			<string>LZAVObjectHeader.h</string>
			<key>sourceTree</key>
			<string>&lt;group&gt;</string>
		</dict>
		<key>70BEDBDB1B33F0E1004A1D39</key>
		<dict>
			<key>fileEncoding</key>
			<string>4</string>
			<key>isa</key>
			<string>PBXFileReference</string>
			<key>lastKnownFileType</key>
			<string>sourcecode.c.h</string>
			<key>path</key>
			<string>LZComment.h</string>
			<key>sourceTree</key>
			<string>&lt;group&gt;</string>
		</dict>
		<key>70BEDBDC1B33F0E1004A1D39</key>
		<dict>
			<key>fileEncoding</key>
			<string>4</string>
			<key>isa</key>
			<string>PBXFileReference</string>
			<key>lastKnownFileType</key>
			<string>sourcecode.c.objc</string>
			<key>path</key>
			<string>LZComment.m</string>
			<key>sourceTree</key>
			<string>&lt;group&gt;</string>
		</dict>
		<key>70BEDBDD1B33F0E1004A1D39</key>
		<dict>
			<key>fileRef</key>
			<string>70BEDBD71B33F0E1004A1D39</string>
			<key>isa</key>
			<string>PBXBuildFile</string>
		</dict>
		<key>70BEDBDE1B33F0E1004A1D39</key>
		<dict>
			<key>fileRef</key>
			<string>70BEDBD91B33F0E1004A1D39</string>
			<key>isa</key>
			<string>PBXBuildFile</string>
		</dict>
		<key>70BEDBDF1B33F0E1004A1D39</key>
		<dict>
			<key>fileRef</key>
			<string>70BEDBDC1B33F0E1004A1D39</string>
			<key>isa</key>
			<string>PBXBuildFile</string>
		</dict>
		<key>70BEDBE01B33F115004A1D39</key>
		<dict>
			<key>children</key>
			<array>
				<string>70BEDBD51B33F0E1004A1D39</string>
				<string>700C08511AF008D000A14D93</string>
				<string>700C08521AF008D000A14D93</string>
			</array>
			<key>isa</key>
			<string>PBXGroup</string>
			<key>name</key>
			<string>leancloud</string>
			<key>sourceTree</key>
			<string>&lt;group&gt;</string>
		</dict>
		<key>70E6FC231BE7488400F4CA8E</key>
		<dict>
			<key>fileEncoding</key>
			<string>4</string>
			<key>isa</key>
			<string>PBXFileReference</string>
			<key>lastKnownFileType</key>
			<string>sourcecode.c.objc</string>
			<key>path</key>
			<string>LZInputAccessoryView.m</string>
			<key>sourceTree</key>
			<string>&lt;group&gt;</string>
		</dict>
		<key>70E6FC241BE7488400F4CA8E</key>
		<dict>
			<key>fileEncoding</key>
			<string>4</string>
			<key>isa</key>
			<string>PBXFileReference</string>
			<key>lastKnownFileType</key>
			<string>sourcecode.c.h</string>
			<key>path</key>
			<string>LZInputAccessoryView.h</string>
			<key>sourceTree</key>
			<string>&lt;group&gt;</string>
		</dict>
		<key>70E6FC251BE7488400F4CA8E</key>
		<dict>
			<key>fileRef</key>
			<string>70E6FC231BE7488400F4CA8E</string>
			<key>isa</key>
			<string>PBXBuildFile</string>
		</dict>
		<key>70EBDCBF1AEFCDE5005EABEF</key>
		<dict>
			<key>children</key>
			<array>
				<string>700C083F1AF008D000A14D93</string>
				<string>70ECD4FD1BF8F219001FA9A0</string>
				<string>70EBDCC91AEFCDE5005EABEF</string>
				<string>B336D24C107235B00692E160</string>
				<string>551EA01E9720C5522C87F7D6</string>
			</array>
			<key>isa</key>
			<string>PBXGroup</string>
			<key>sourceTree</key>
			<string>&lt;group&gt;</string>
		</dict>
		<key>70EBDCC01AEFCDE5005EABEF</key>
		<dict>
			<key>attributes</key>
			<dict>
				<key>LastUpgradeCheck</key>
				<string>0630</string>
				<key>ORGANIZATIONNAME</key>
				<string>lzw</string>
				<key>TargetAttributes</key>
				<dict>
					<key>70EBDCC71AEFCDE5005EABEF</key>
					<dict>
						<key>CreatedOnToolsVersion</key>
						<string>6.3</string>
						<key>DevelopmentTeam</key>
						<string>38Y9CH359W</string>
					</dict>
				</dict>
			</dict>
			<key>buildConfigurationList</key>
			<string>70EBDCC31AEFCDE5005EABEF</string>
			<key>compatibilityVersion</key>
			<string>Xcode 3.2</string>
			<key>developmentRegion</key>
			<string>English</string>
			<key>hasScannedForEncodings</key>
			<string>0</string>
			<key>isa</key>
			<string>PBXProject</string>
			<key>knownRegions</key>
			<array>
				<string>en</string>
				<string>Base</string>
			</array>
			<key>mainGroup</key>
			<string>70EBDCBF1AEFCDE5005EABEF</string>
			<key>productRefGroup</key>
			<string>70EBDCC91AEFCDE5005EABEF</string>
			<key>projectDirPath</key>
			<string></string>
			<key>projectReferences</key>
			<array/>
			<key>projectRoot</key>
			<string></string>
			<key>targets</key>
			<array>
				<string>70EBDCC71AEFCDE5005EABEF</string>
			</array>
		</dict>
		<key>70EBDCC31AEFCDE5005EABEF</key>
		<dict>
			<key>buildConfigurations</key>
			<array>
				<string>70EBDCE91AEFCDE5005EABEF</string>
				<string>70EBDCEA1AEFCDE5005EABEF</string>
			</array>
			<key>defaultConfigurationIsVisible</key>
			<string>0</string>
			<key>defaultConfigurationName</key>
			<string>Release</string>
			<key>isa</key>
			<string>XCConfigurationList</string>
		</dict>
		<key>70EBDCC41AEFCDE5005EABEF</key>
		<dict>
			<key>buildActionMask</key>
			<string>2147483647</string>
			<key>files</key>
			<array>
				<string>700C08C11AF008D000A14D93</string>
				<string>B860E68F1DC0E476009500D6</string>
				<string>700C08BF1AF008D000A14D93</string>
				<string>700C08A01AF008D000A14D93</string>
				<string>700C08C81AF008D000A14D93</string>
				<string>70BEDBDF1B33F0E1004A1D39</string>
				<string>700C08BD1AF008D000A14D93</string>
				<string>700C08BC1AF008D000A14D93</string>
				<string>700C08B91AF008D000A14D93</string>
				<string>700C08C91AF008D000A14D93</string>
				<string>700C08A81AF008D000A14D93</string>
				<string>700C08A91AF008D000A14D93</string>
				<string>700C08CC1AF008D000A14D93</string>
				<string>700C08CD1AF008D000A14D93</string>
				<string>70BEDBDE1B33F0E1004A1D39</string>
				<string>70E6FC251BE7488400F4CA8E</string>
				<string>700C08BB1AF008D000A14D93</string>
				<string>700C08A61AF008D000A14D93</string>
				<string>700C089E1AF008D000A14D93</string>
				<string>700C08CE1AF008D000A14D93</string>
				<string>70FD92651B91BE32003ECB1A</string>
				<string>700C08BA1AF008D000A14D93</string>
				<string>700C08C21AF008D000A14D93</string>
				<string>700C08CA1AF008D000A14D93</string>
				<string>700C08AA1AF008D000A14D93</string>
				<string>700C08A51AF008D000A14D93</string>
				<string>B860E6971DC1E773009500D6</string>
				<string>700C08AC1AF008D000A14D93</string>
				<string>70BEDBDD1B33F0E1004A1D39</string>
				<string>70FD92621B91B47C003ECB1A</string>
				<string>700C08BE1AF008D000A14D93</string>
				<string>700C08A11AF008D000A14D93</string>
				<string>700C08C01AF008D000A14D93</string>
				<string>B860E6891DC0CA89009500D6</string>
				<string>700C08CB1AF008D000A14D93</string>
			</array>
			<key>isa</key>
			<string>PBXSourcesBuildPhase</string>
			<key>runOnlyForDeploymentPostprocessing</key>
			<string>0</string>
		</dict>
		<key>70EBDCC51AEFCDE5005EABEF</key>
		<dict>
			<key>buildActionMask</key>
			<string>2147483647</string>
			<key>files</key>
			<array>
				<string>3FF40895072CD95F00B7141D</string>
			</array>
			<key>isa</key>
			<string>PBXFrameworksBuildPhase</string>
			<key>runOnlyForDeploymentPostprocessing</key>
			<string>0</string>
		</dict>
		<key>70EBDCC61AEFCDE5005EABEF</key>
		<dict>
			<key>buildActionMask</key>
			<string>2147483647</string>
			<key>files</key>
			<array>
				<string>700C08AF1AF008D000A14D93</string>
				<string>700C08A41AF008D000A14D93</string>
				<string>B860E6941DC1DD3E009500D6</string>
				<string>700C08B01AF008D000A14D93</string>
				<string>700C08B61AF008D000A14D93</string>
				<string>700C08B31AF008D000A14D93</string>
				<string>700C08C71AF008D000A14D93</string>
				<string>700C08A31AF008D000A14D93</string>
				<string>700C08A21AF008D000A14D93</string>
				<string>700C08B41AF008D000A14D93</string>
				<string>700C08C51AF008D000A14D93</string>
				<string>700C08C41AF008D000A14D93</string>
				<string>700C08B11AF008D000A14D93</string>
				<string>700C08AE1AF008D000A14D93</string>
				<string>700C089F1AF008D000A14D93</string>
				<string>700C08B81AF008D000A14D93</string>
				<string>700C08B51AF008D000A14D93</string>
				<string>700C08C61AF008D000A14D93</string>
				<string>700C08B71AF008D000A14D93</string>
				<string>700C08B21AF008D000A14D93</string>
				<string>700C08C31AF008D000A14D93</string>
			</array>
			<key>isa</key>
			<string>PBXResourcesBuildPhase</string>
			<key>runOnlyForDeploymentPostprocessing</key>
			<string>0</string>
		</dict>
		<key>70EBDCC71AEFCDE5005EABEF</key>
		<dict>
			<key>buildConfigurationList</key>
			<string>70EBDCEB1AEFCDE5005EABEF</string>
			<key>buildPhases</key>
			<array>
				<string>79C764D18B8F6A8C9B8D0667</string>
				<string>70EBDCC41AEFCDE5005EABEF</string>
				<string>70EBDCC51AEFCDE5005EABEF</string>
				<string>70EBDCC61AEFCDE5005EABEF</string>
				<string>E391A03B53B8398E63C9B999</string>
				<string>4AA419AC0E3D640A2DF799C8</string>
			</array>
			<key>buildRules</key>
			<array/>
			<key>dependencies</key>
			<array/>
			<key>isa</key>
			<string>PBXNativeTarget</string>
			<key>name</key>
			<string>LZAlbum</string>
			<key>productName</key>
			<string>MCAlbum</string>
			<key>productReference</key>
			<string>70EBDCC81AEFCDE5005EABEF</string>
			<key>productType</key>
			<string>com.apple.product-type.application</string>
		</dict>
		<key>70EBDCC81AEFCDE5005EABEF</key>
		<dict>
			<key>explicitFileType</key>
			<string>wrapper.application</string>
			<key>includeInIndex</key>
			<string>0</string>
			<key>isa</key>
			<string>PBXFileReference</string>
			<key>path</key>
			<string>LZAlbum.app</string>
			<key>sourceTree</key>
			<string>BUILT_PRODUCTS_DIR</string>
		</dict>
		<key>70EBDCC91AEFCDE5005EABEF</key>
		<dict>
			<key>children</key>
			<array>
				<string>70EBDCC81AEFCDE5005EABEF</string>
			</array>
			<key>isa</key>
			<string>PBXGroup</string>
			<key>name</key>
			<string>Products</string>
			<key>sourceTree</key>
			<string>&lt;group&gt;</string>
		</dict>
		<key>70EBDCE91AEFCDE5005EABEF</key>
		<dict>
			<key>buildSettings</key>
			<dict>
				<key>ALWAYS_SEARCH_USER_PATHS</key>
				<string>NO</string>
				<key>CLANG_CXX_LANGUAGE_STANDARD</key>
				<string>gnu++0x</string>
				<key>CLANG_CXX_LIBRARY</key>
				<string>libc++</string>
				<key>CLANG_ENABLE_MODULES</key>
				<string>YES</string>
				<key>CLANG_ENABLE_OBJC_ARC</key>
				<string>YES</string>
				<key>CLANG_WARN_BOOL_CONVERSION</key>
				<string>YES</string>
				<key>CLANG_WARN_CONSTANT_CONVERSION</key>
				<string>YES</string>
				<key>CLANG_WARN_DIRECT_OBJC_ISA_USAGE</key>
				<string>YES_ERROR</string>
				<key>CLANG_WARN_EMPTY_BODY</key>
				<string>YES</string>
				<key>CLANG_WARN_ENUM_CONVERSION</key>
				<string>YES</string>
				<key>CLANG_WARN_INT_CONVERSION</key>
				<string>YES</string>
				<key>CLANG_WARN_OBJC_ROOT_CLASS</key>
				<string>YES_ERROR</string>
				<key>CLANG_WARN_UNREACHABLE_CODE</key>
				<string>YES</string>
				<key>CLANG_WARN__DUPLICATE_METHOD_MATCH</key>
				<string>YES</string>
				<key>CODE_SIGN_IDENTITY[sdk=iphoneos*]</key>
				<string>iPhone Developer</string>
				<key>COPY_PHASE_STRIP</key>
				<string>NO</string>
				<key>DEBUG_INFORMATION_FORMAT</key>
				<string>dwarf-with-dsym</string>
				<key>ENABLE_STRICT_OBJC_MSGSEND</key>
				<string>YES</string>
				<key>GCC_C_LANGUAGE_STANDARD</key>
				<string>gnu99</string>
				<key>GCC_DYNAMIC_NO_PIC</key>
				<string>NO</string>
				<key>GCC_NO_COMMON_BLOCKS</key>
				<string>YES</string>
				<key>GCC_OPTIMIZATION_LEVEL</key>
				<string>0</string>
				<key>GCC_PREPROCESSOR_DEFINITIONS</key>
				<array>
					<string>DEBUG=1</string>
					<string>$(inherited)</string>
				</array>
				<key>GCC_SYMBOLS_PRIVATE_EXTERN</key>
				<string>NO</string>
				<key>GCC_WARN_64_TO_32_BIT_CONVERSION</key>
				<string>YES</string>
				<key>GCC_WARN_ABOUT_RETURN_TYPE</key>
				<string>YES_ERROR</string>
				<key>GCC_WARN_UNDECLARED_SELECTOR</key>
				<string>YES</string>
				<key>GCC_WARN_UNINITIALIZED_AUTOS</key>
				<string>YES_AGGRESSIVE</string>
				<key>GCC_WARN_UNUSED_FUNCTION</key>
				<string>YES</string>
				<key>GCC_WARN_UNUSED_VARIABLE</key>
				<string>YES</string>
				<key>IPHONEOS_DEPLOYMENT_TARGET</key>
				<string>8.3</string>
				<key>MTL_ENABLE_DEBUG_INFO</key>
				<string>YES</string>
				<key>ONLY_ACTIVE_ARCH</key>
				<string>YES</string>
				<key>SDKROOT</key>
				<string>iphoneos</string>
			</dict>
			<key>isa</key>
			<string>XCBuildConfiguration</string>
			<key>name</key>
			<string>Debug</string>
		</dict>
		<key>70EBDCEA1AEFCDE5005EABEF</key>
		<dict>
			<key>buildSettings</key>
			<dict>
				<key>ALWAYS_SEARCH_USER_PATHS</key>
				<string>NO</string>
				<key>CLANG_CXX_LANGUAGE_STANDARD</key>
				<string>gnu++0x</string>
				<key>CLANG_CXX_LIBRARY</key>
				<string>libc++</string>
				<key>CLANG_ENABLE_MODULES</key>
				<string>YES</string>
				<key>CLANG_ENABLE_OBJC_ARC</key>
				<string>YES</string>
				<key>CLANG_WARN_BOOL_CONVERSION</key>
				<string>YES</string>
				<key>CLANG_WARN_CONSTANT_CONVERSION</key>
				<string>YES</string>
				<key>CLANG_WARN_DIRECT_OBJC_ISA_USAGE</key>
				<string>YES_ERROR</string>
				<key>CLANG_WARN_EMPTY_BODY</key>
				<string>YES</string>
				<key>CLANG_WARN_ENUM_CONVERSION</key>
				<string>YES</string>
				<key>CLANG_WARN_INT_CONVERSION</key>
				<string>YES</string>
				<key>CLANG_WARN_OBJC_ROOT_CLASS</key>
				<string>YES_ERROR</string>
				<key>CLANG_WARN_UNREACHABLE_CODE</key>
				<string>YES</string>
				<key>CLANG_WARN__DUPLICATE_METHOD_MATCH</key>
				<string>YES</string>
				<key>CODE_SIGN_IDENTITY[sdk=iphoneos*]</key>
				<string>iPhone Developer</string>
				<key>COPY_PHASE_STRIP</key>
				<string>NO</string>
				<key>DEBUG_INFORMATION_FORMAT</key>
				<string>dwarf-with-dsym</string>
				<key>ENABLE_NS_ASSERTIONS</key>
				<string>NO</string>
				<key>ENABLE_STRICT_OBJC_MSGSEND</key>
				<string>YES</string>
				<key>GCC_C_LANGUAGE_STANDARD</key>
				<string>gnu99</string>
				<key>GCC_NO_COMMON_BLOCKS</key>
				<string>YES</string>
				<key>GCC_WARN_64_TO_32_BIT_CONVERSION</key>
				<string>YES</string>
				<key>GCC_WARN_ABOUT_RETURN_TYPE</key>
				<string>YES_ERROR</string>
				<key>GCC_WARN_UNDECLARED_SELECTOR</key>
				<string>YES</string>
				<key>GCC_WARN_UNINITIALIZED_AUTOS</key>
				<string>YES_AGGRESSIVE</string>
				<key>GCC_WARN_UNUSED_FUNCTION</key>
				<string>YES</string>
				<key>GCC_WARN_UNUSED_VARIABLE</key>
				<string>YES</string>
				<key>IPHONEOS_DEPLOYMENT_TARGET</key>
				<string>8.3</string>
				<key>MTL_ENABLE_DEBUG_INFO</key>
				<string>NO</string>
				<key>SDKROOT</key>
				<string>iphoneos</string>
				<key>VALIDATE_PRODUCT</key>
				<string>YES</string>
			</dict>
			<key>isa</key>
			<string>XCBuildConfiguration</string>
			<key>name</key>
			<string>Release</string>
		</dict>
		<key>70EBDCEB1AEFCDE5005EABEF</key>
		<dict>
			<key>buildConfigurations</key>
			<array>
				<string>70EBDCEC1AEFCDE5005EABEF</string>
				<string>70EBDCED1AEFCDE5005EABEF</string>
			</array>
			<key>defaultConfigurationIsVisible</key>
			<string>0</string>
			<key>defaultConfigurationName</key>
			<string>Release</string>
			<key>isa</key>
			<string>XCConfigurationList</string>
		</dict>
		<key>70EBDCEC1AEFCDE5005EABEF</key>
		<dict>
			<key>baseConfigurationReference</key>
			<string>8F9D5B0AB9E7AADF7534422E</string>
			<key>buildSettings</key>
			<dict>
				<key>ASSETCATALOG_COMPILER_APPICON_NAME</key>
				<string>AppIcon</string>
				<key>DEVELOPMENT_TEAM</key>
				<string>38Y9CH359W</string>
				<key>ENABLE_BITCODE</key>
				<string>NO</string>
				<key>INFOPLIST_FILE</key>
				<string>LZAlbum/Info.plist</string>
				<key>IPHONEOS_DEPLOYMENT_TARGET</key>
				<string>7.0</string>
				<key>LD_RUNPATH_SEARCH_PATHS</key>
				<string>$(inherited) @executable_path/Frameworks</string>
				<key>PRODUCT_BUNDLE_IDENTIFIER</key>
				<string>com.dh.quzhibo</string>
				<key>PRODUCT_NAME</key>
				<string>LZAlbum</string>
			</dict>
			<key>isa</key>
			<string>XCBuildConfiguration</string>
			<key>name</key>
			<string>Debug</string>
		</dict>
		<key>70EBDCED1AEFCDE5005EABEF</key>
		<dict>
			<key>baseConfigurationReference</key>
			<string>1FD9C10FE9DC0910ADAD3503</string>
			<key>buildSettings</key>
			<dict>
				<key>ASSETCATALOG_COMPILER_APPICON_NAME</key>
				<string>AppIcon</string>
				<key>DEVELOPMENT_TEAM</key>
				<string>38Y9CH359W</string>
				<key>ENABLE_BITCODE</key>
				<string>NO</string>
				<key>INFOPLIST_FILE</key>
				<string>LZAlbum/Info.plist</string>
				<key>IPHONEOS_DEPLOYMENT_TARGET</key>
				<string>7.0</string>
				<key>LD_RUNPATH_SEARCH_PATHS</key>
				<string>$(inherited) @executable_path/Frameworks</string>
				<key>PRODUCT_BUNDLE_IDENTIFIER</key>
				<string>com.dh.quzhibo</string>
				<key>PRODUCT_NAME</key>
				<string>LZAlbum</string>
			</dict>
			<key>isa</key>
			<string>XCBuildConfiguration</string>
			<key>name</key>
			<string>Release</string>
		</dict>
		<key>70ECD4FD1BF8F219001FA9A0</key>
		<dict>
			<key>children</key>
			<array>
				<string>70BAF8771C1F5E7B00E629F5</string>
				<string>70BAF8781C1F5E7B00E629F5</string>
				<string>70ECD4FE1BF8F219001FA9A0</string>
				<string>70F89E201C26E773003576F6</string>
				<string>70ECD5001BF8F219001FA9A0</string>
			</array>
			<key>isa</key>
			<string>PBXGroup</string>
			<key>path</key>
			<string>LZAlbumTests</string>
			<key>sourceTree</key>
			<string>&lt;group&gt;</string>
		</dict>
		<key>70ECD4FE1BF8F219001FA9A0</key>
		<dict>
			<key>isa</key>
			<string>PBXFileReference</string>
			<key>lastKnownFileType</key>
			<string>sourcecode.c.objc</string>
			<key>path</key>
			<string>LZAlbumTest.m</string>
			<key>sourceTree</key>
			<string>&lt;group&gt;</string>
		</dict>
		<key>70ECD5001BF8F219001FA9A0</key>
		<dict>
			<key>isa</key>
			<string>PBXFileReference</string>
			<key>lastKnownFileType</key>
			<string>text.plist.xml</string>
			<key>path</key>
			<string>Info.plist</string>
			<key>sourceTree</key>
			<string>&lt;group&gt;</string>
		</dict>
		<key>70F89E201C26E773003576F6</key>
		<dict>
			<key>fileEncoding</key>
			<string>4</string>
			<key>isa</key>
			<string>PBXFileReference</string>
			<key>lastKnownFileType</key>
			<string>sourcecode.c.objc</string>
			<key>path</key>
			<string>LZAlbumManagerTest.m</string>
			<key>sourceTree</key>
			<string>&lt;group&gt;</string>
		</dict>
		<key>70FD92601B91B47C003ECB1A</key>
		<dict>
			<key>fileEncoding</key>
			<string>4</string>
			<key>isa</key>
			<string>PBXFileReference</string>
			<key>lastKnownFileType</key>
			<string>sourcecode.c.h</string>
			<key>path</key>
			<string>LZAlbumCommentTableViewCell.h</string>
			<key>sourceTree</key>
			<string>&lt;group&gt;</string>
		</dict>
		<key>70FD92611B91B47C003ECB1A</key>
		<dict>
			<key>fileEncoding</key>
			<string>4</string>
			<key>isa</key>
			<string>PBXFileReference</string>
			<key>lastKnownFileType</key>
			<string>sourcecode.c.objc</string>
			<key>path</key>
			<string>LZAlbumCommentTableViewCell.m</string>
			<key>sourceTree</key>
			<string>&lt;group&gt;</string>
		</dict>
		<key>70FD92621B91B47C003ECB1A</key>
		<dict>
			<key>fileRef</key>
			<string>70FD92611B91B47C003ECB1A</string>
			<key>isa</key>
			<string>PBXBuildFile</string>
		</dict>
		<key>70FD92631B91BE32003ECB1A</key>
		<dict>
			<key>fileEncoding</key>
			<string>4</string>
			<key>isa</key>
			<string>PBXFileReference</string>
			<key>lastKnownFileType</key>
			<string>sourcecode.c.h</string>
			<key>path</key>
			<string>LZAlbumComment.h</string>
			<key>sourceTree</key>
			<string>&lt;group&gt;</string>
		</dict>
		<key>70FD92641B91BE32003ECB1A</key>
		<dict>
			<key>fileEncoding</key>
			<string>4</string>
			<key>isa</key>
			<string>PBXFileReference</string>
			<key>lastKnownFileType</key>
			<string>sourcecode.c.objc</string>
			<key>path</key>
			<string>LZAlbumComment.m</string>
			<key>sourceTree</key>
			<string>&lt;group&gt;</string>
		</dict>
		<key>70FD92651B91BE32003ECB1A</key>
		<dict>
			<key>fileRef</key>
			<string>70FD92641B91BE32003ECB1A</string>
			<key>isa</key>
			<string>PBXBuildFile</string>
		</dict>
		<key>727065AD2258B3498066EF44</key>
		<dict>
			<key>includeInIndex</key>
			<string>1</string>
			<key>isa</key>
			<string>PBXFileReference</string>
			<key>lastKnownFileType</key>
			<string>text.xcconfig</string>
			<key>name</key>
			<string>Pods-LZAlbumTests.release.xcconfig</string>
			<key>path</key>
			<string>Pods/Target Support Files/Pods-LZAlbumTests/Pods-LZAlbumTests.release.xcconfig</string>
			<key>sourceTree</key>
			<string>&lt;group&gt;</string>
		</dict>
		<key>73CBB0345D39F3158EB09EB3</key>
		<dict>
			<key>explicitFileType</key>
			<string>archive.ar</string>
			<key>includeInIndex</key>
			<string>0</string>
			<key>isa</key>
			<string>PBXFileReference</string>
			<key>path</key>
			<string>libPods-LZAlbum.a</string>
			<key>sourceTree</key>
			<string>BUILT_PRODUCTS_DIR</string>
		</dict>
		<key>79C764D18B8F6A8C9B8D0667</key>
		<dict>
			<key>buildActionMask</key>
			<string>2147483647</string>
			<key>files</key>
			<array/>
			<key>inputPaths</key>
			<array/>
			<key>isa</key>
			<string>PBXShellScriptBuildPhase</string>
			<key>name</key>
			<string>[CP] Check Pods Manifest.lock</string>
			<key>outputPaths</key>
			<array/>
			<key>runOnlyForDeploymentPostprocessing</key>
			<string>0</string>
			<key>shellPath</key>
			<string>/bin/sh</string>
			<key>shellScript</key>
			<string>diff "${PODS_ROOT}/../Podfile.lock" "${PODS_ROOT}/Manifest.lock" &gt; /dev/null
if [[ $? != 0 ]] ; then
    cat &lt;&lt; EOM
error: The sandbox is not in sync with the Podfile.lock. Run 'pod install' or update your CocoaPods installation.
EOM
    exit 1
fi
</string>
			<key>showEnvVarsInLog</key>
			<string>0</string>
		</dict>
		<key>8F9D5B0AB9E7AADF7534422E</key>
		<dict>
			<key>includeInIndex</key>
			<string>1</string>
			<key>isa</key>
			<string>PBXFileReference</string>
			<key>lastKnownFileType</key>
			<string>text.xcconfig</string>
			<key>name</key>
			<string>Pods-LZAlbum.debug.xcconfig</string>
			<key>path</key>
			<string>Pods/Target Support Files/Pods-LZAlbum/Pods-LZAlbum.debug.xcconfig</string>
			<key>sourceTree</key>
			<string>&lt;group&gt;</string>
		</dict>
		<key>B336D24C107235B00692E160</key>
		<dict>
			<key>children</key>
			<array>
				<string>8F9D5B0AB9E7AADF7534422E</string>
				<string>1FD9C10FE9DC0910ADAD3503</string>
				<string>E6F67FF55403DFA9AFE57EA2</string>
				<string>727065AD2258B3498066EF44</string>
			</array>
			<key>isa</key>
			<string>PBXGroup</string>
			<key>name</key>
			<string>Pods</string>
			<key>sourceTree</key>
			<string>&lt;group&gt;</string>
		</dict>
		<key>B860E6871DC0CA89009500D6</key>
		<dict>
			<key>fileEncoding</key>
			<string>4</string>
			<key>isa</key>
			<string>PBXFileReference</string>
			<key>lastKnownFileType</key>
			<string>sourcecode.c.h</string>
			<key>path</key>
			<string>AsyncView.h</string>
			<key>sourceTree</key>
			<string>&lt;group&gt;</string>
		</dict>
		<key>B860E6881DC0CA89009500D6</key>
		<dict>
			<key>fileEncoding</key>
			<string>4</string>
			<key>isa</key>
			<string>PBXFileReference</string>
			<key>lastKnownFileType</key>
			<string>sourcecode.c.objc</string>
			<key>path</key>
			<string>AsyncView.m</string>
			<key>sourceTree</key>
			<string>&lt;group&gt;</string>
		</dict>
		<key>B860E6891DC0CA89009500D6</key>
		<dict>
			<key>fileRef</key>
			<string>B860E6881DC0CA89009500D6</string>
			<key>isa</key>
			<string>PBXBuildFile</string>
		</dict>
		<key>B860E68D1DC0E476009500D6</key>
		<dict>
			<key>fileEncoding</key>
			<string>4</string>
			<key>isa</key>
			<string>PBXFileReference</string>
			<key>lastKnownFileType</key>
			<string>sourcecode.c.h</string>
			<key>path</key>
			<string>FPSObject.h</string>
			<key>sourceTree</key>
			<string>&lt;group&gt;</string>
		</dict>
		<key>B860E68E1DC0E476009500D6</key>
		<dict>
			<key>fileEncoding</key>
			<string>4</string>
			<key>isa</key>
			<string>PBXFileReference</string>
			<key>lastKnownFileType</key>
			<string>sourcecode.c.objc</string>
			<key>path</key>
			<string>FPSObject.m</string>
			<key>sourceTree</key>
			<string>&lt;group&gt;</string>
		</dict>
		<key>B860E68F1DC0E476009500D6</key>
		<dict>
			<key>fileRef</key>
			<string>B860E68E1DC0E476009500D6</string>
			<key>isa</key>
			<string>PBXBuildFile</string>
		</dict>
		<key>B860E6931DC1DD3E009500D6</key>
		<dict>
			<key>isa</key>
			<string>PBXFileReference</string>
			<key>lastKnownFileType</key>
			<string>image.png</string>
			<key>path</key>
			<string>test.png</string>
			<key>sourceTree</key>
			<string>&lt;group&gt;</string>
		</dict>
		<key>B860E6941DC1DD3E009500D6</key>
		<dict>
			<key>fileRef</key>
			<string>B860E6931DC1DD3E009500D6</string>
			<key>isa</key>
			<string>PBXBuildFile</string>
		</dict>
		<key>B860E6951DC1E773009500D6</key>
		<dict>
			<key>fileEncoding</key>
			<string>4</string>
			<key>isa</key>
			<string>PBXFileReference</string>
			<key>lastKnownFileType</key>
			<string>sourcecode.c.h</string>
			<key>path</key>
			<string>AsyncRichTextView.h</string>
			<key>sourceTree</key>
			<string>&lt;group&gt;</string>
		</dict>
		<key>B860E6961DC1E773009500D6</key>
		<dict>
			<key>fileEncoding</key>
			<string>4</string>
			<key>isa</key>
			<string>PBXFileReference</string>
			<key>lastKnownFileType</key>
			<string>sourcecode.c.objc</string>
			<key>path</key>
			<string>AsyncRichTextView.m</string>
			<key>sourceTree</key>
			<string>&lt;group&gt;</string>
		</dict>
		<key>B860E6971DC1E773009500D6</key>
		<dict>
			<key>fileRef</key>
			<string>B860E6961DC1E773009500D6</string>
			<key>isa</key>
			<string>PBXBuildFile</string>
		</dict>
		<key>BC06F9AF5208389492A04461</key>
		<dict>
			<key>explicitFileType</key>
			<string>archive.ar</string>
			<key>includeInIndex</key>
			<string>0</string>
			<key>isa</key>
			<string>PBXFileReference</string>
			<key>path</key>
			<string>libPods-LZAlbumTests.a</string>
			<key>sourceTree</key>
			<string>BUILT_PRODUCTS_DIR</string>
		</dict>
		<key>E391A03B53B8398E63C9B999</key>
		<dict>
			<key>buildActionMask</key>
			<string>2147483647</string>
			<key>files</key>
			<array/>
			<key>inputPaths</key>
			<array/>
			<key>isa</key>
			<string>PBXShellScriptBuildPhase</string>
			<key>name</key>
			<string>[CP] Copy Pods Resources</string>
			<key>outputPaths</key>
			<array/>
			<key>runOnlyForDeploymentPostprocessing</key>
			<string>0</string>
			<key>shellPath</key>
			<string>/bin/sh</string>
			<key>shellScript</key>
			<string>"${SRCROOT}/Pods/Target Support Files/Pods-LZAlbum/Pods-LZAlbum-resources.sh"
</string>
			<key>showEnvVarsInLog</key>
			<string>0</string>
		</dict>
		<key>E6F67FF55403DFA9AFE57EA2</key>
		<dict>
			<key>includeInIndex</key>
			<string>1</string>
			<key>isa</key>
			<string>PBXFileReference</string>
			<key>lastKnownFileType</key>
			<string>text.xcconfig</string>
			<key>name</key>
			<string>Pods-LZAlbumTests.debug.xcconfig</string>
			<key>path</key>
			<string>Pods/Target Support Files/Pods-LZAlbumTests/Pods-LZAlbumTests.debug.xcconfig</string>
			<key>sourceTree</key>
			<string>&lt;group&gt;</string>
		</dict>
	</dict>
	<key>rootObject</key>
	<string>70EBDCC01AEFCDE5005EABEF</string>
</dict>
</plist>
