// !$*UTF8*$!
{
	archiveVersion = 1;
	classes = {
	};
	objectVersion = 46;
	objects = {

/* Begin PBXBuildFile section */
		3FF40895072CD95F00B7141D /* libPods-LZAlbum.a in Frameworks */ = {isa = PBXBuildFile; fileRef = 73CBB0345D39F3158EB09EB3 /* libPods-LZAlbum.a */; };
		700C089E1AF008D000A14D93 /* LZAlbumCreateVC.m in Sources */ = {isa = PBXBuildFile; fileRef = 700C08421AF008D000A14D93 /* LZAlbumCreateVC.m */; };
		700C089F1AF008D000A14D93 /* LZAlbumCreateVC.xib in Resources */ = {isa = PBXBuildFile; fileRef = 700C08431AF008D000A14D93 /* LZAlbumCreateVC.xib */; };
		700C08A01AF008D000A14D93 /* LZAlbumVC.m in Sources */ = {isa = PBXBuildFile; fileRef = 700C08451AF008D000A14D93 /* LZAlbumVC.m */; };
		700C08A11AF008D000A14D93 /* AppDelegate.m in Sources */ = {isa = PBXBuildFile; fileRef = 700C08481AF008D000A14D93 /* AppDelegate.m */; };
		700C08A21AF008D000A14D93 /* LaunchScreen.xib in Resources */ = {isa = PBXBuildFile; fileRef = 700C084B1AF008D000A14D93 /* LaunchScreen.xib */; };
		700C08A31AF008D000A14D93 /* Images.xcassets in Resources */ = {isa = PBXBuildFile; fileRef = 700C084D1AF008D000A14D93 /* Images.xcassets */; };
		700C08A41AF008D000A14D93 /* Info.plist in Resources */ = {isa = PBXBuildFile; fileRef = 700C084E1AF008D000A14D93 /* Info.plist */; };
		700C08A51AF008D000A14D93 /* main.m in Sources */ = {isa = PBXBuildFile; fileRef = 700C084F1AF008D000A14D93 /* main.m */; };
		700C08A61AF008D000A14D93 /* LZAlbumManager.m in Sources */ = {isa = PBXBuildFile; fileRef = 700C08521AF008D000A14D93 /* LZAlbumManager.m */; };
		700C08A71AF008D000A14D93 /* AVUser+MCCustomUser.m in Sources */ = {isa = PBXBuildFile; fileRef = 700C08551AF008D000A14D93 /* AVUser+MCCustomUser.m */; };
		700C08A81AF008D000A14D93 /* LZEntryForm.m in Sources */ = {isa = PBXBuildFile; fileRef = 700C08581AF008D000A14D93 /* LZEntryForm.m */; };
		700C08A91AF008D000A14D93 /* LZLoginForm.m in Sources */ = {isa = PBXBuildFile; fileRef = 700C085A1AF008D000A14D93 /* LZLoginForm.m */; };
		700C08AA1AF008D000A14D93 /* LZRegisterForm.m in Sources */ = {isa = PBXBuildFile; fileRef = 700C085C1AF008D000A14D93 /* LZRegisterForm.m */; };
		700C08AB1AF008D000A14D93 /* LCAlbum.m in Sources */ = {isa = PBXBuildFile; fileRef = 700C085E1AF008D000A14D93 /* LCAlbum.m */; };
		700C08AC1AF008D000A14D93 /* LZAlbum.m in Sources */ = {isa = PBXBuildFile; fileRef = 700C08601AF008D000A14D93 /* LZAlbum.m */; };
		700C08AD1AF008D000A14D93 /* LZComment.m in Sources */ = {isa = PBXBuildFile; fileRef = 700C08631AF008D000A14D93 /* LZComment.m */; };
		700C08AE1AF008D000A14D93 /* album_add_photo@2x.png in Resources */ = {isa = PBXBuildFile; fileRef = 700C08651AF008D000A14D93 /* album_add_photo@2x.png */; };
		700C08AF1AF008D000A14D93 /* Album_like_icon@2x.png in Resources */ = {isa = PBXBuildFile; fileRef = 700C08661AF008D000A14D93 /* Album_like_icon@2x.png */; };
		700C08B01AF008D000A14D93 /* Album_likes_comments_background@2x.png in Resources */ = {isa = PBXBuildFile; fileRef = 700C08671AF008D000A14D93 /* Album_likes_comments_background@2x.png */; };
		700C08B11AF008D000A14D93 /* AlbumAddBtn@2x.png in Resources */ = {isa = PBXBuildFile; fileRef = 700C08681AF008D000A14D93 /* AlbumAddBtn@2x.png */; };
		700C08B21AF008D000A14D93 /* AlbumAddBtnHL@2x.png in Resources */ = {isa = PBXBuildFile; fileRef = 700C08691AF008D000A14D93 /* AlbumAddBtnHL@2x.png */; };
		700C08B31AF008D000A14D93 /* AlbumFlagMark@2x.png in Resources */ = {isa = PBXBuildFile; fileRef = 700C086A1AF008D000A14D93 /* AlbumFlagMark@2x.png */; };
		700C08B41AF008D000A14D93 /* AlbumHeaderBackgrounImage@2x.png in Resources */ = {isa = PBXBuildFile; fileRef = 700C086B1AF008D000A14D93 /* AlbumHeaderBackgrounImage@2x.png */; };
		700C08B51AF008D000A14D93 /* AlbumInformationLikeHL@2x.png in Resources */ = {isa = PBXBuildFile; fileRef = 700C086C1AF008D000A14D93 /* AlbumInformationLikeHL@2x.png */; };
		700C08B61AF008D000A14D93 /* AlbumInformationLikeHL@3x.png in Resources */ = {isa = PBXBuildFile; fileRef = 700C086D1AF008D000A14D93 /* AlbumInformationLikeHL@3x.png */; };
		700C08B71AF008D000A14D93 /* AlbumOperateMore@2x.png in Resources */ = {isa = PBXBuildFile; fileRef = 700C086E1AF008D000A14D93 /* AlbumOperateMore@2x.png */; };
		700C08B81AF008D000A14D93 /* AlbumOperateMoreHL@2x.png in Resources */ = {isa = PBXBuildFile; fileRef = 700C086F1AF008D000A14D93 /* AlbumOperateMoreHL@2x.png */; };
		700C08B91AF008D000A14D93 /* LZBaseTC.m in Sources */ = {isa = PBXBuildFile; fileRef = 700C08721AF008D000A14D93 /* LZBaseTC.m */; };
		700C08BA1AF008D000A14D93 /* LZBaseVC.m in Sources */ = {isa = PBXBuildFile; fileRef = 700C08741AF008D000A14D93 /* LZBaseVC.m */; };
		700C08BB1AF008D000A14D93 /* LZEntryFormController.m in Sources */ = {isa = PBXBuildFile; fileRef = 700C08761AF008D000A14D93 /* LZEntryFormController.m */; };
		700C08BC1AF008D000A14D93 /* LZAlbumCollectionFlowLayout.m in Sources */ = {isa = PBXBuildFile; fileRef = 700C08791AF008D000A14D93 /* LZAlbumCollectionFlowLayout.m */; };
		700C08BD1AF008D000A14D93 /* LZAlbumLikesCommentsView.m in Sources */ = {isa = PBXBuildFile; fileRef = 700C087B1AF008D000A14D93 /* LZAlbumLikesCommentsView.m */; };
		700C08BE1AF008D000A14D93 /* LZAlbumOperationView.m in Sources */ = {isa = PBXBuildFile; fileRef = 700C087D1AF008D000A14D93 /* LZAlbumOperationView.m */; };
		700C08BF1AF008D000A14D93 /* LZAlbumPhotoCollectionViewCell.m in Sources */ = {isa = PBXBuildFile; fileRef = 700C087F1AF008D000A14D93 /* LZAlbumPhotoCollectionViewCell.m */; };
		700C08C01AF008D000A14D93 /* LZAlbumReplyView.m in Sources */ = {isa = PBXBuildFile; fileRef = 700C08811AF008D000A14D93 /* LZAlbumReplyView.m */; };
		700C08C11AF008D000A14D93 /* LZAlbumRichTextView.m in Sources */ = {isa = PBXBuildFile; fileRef = 700C08831AF008D000A14D93 /* LZAlbumRichTextView.m */; };
		700C08C21AF008D000A14D93 /* LZAlbumTableViewCell.m in Sources */ = {isa = PBXBuildFile; fileRef = 700C08851AF008D000A14D93 /* LZAlbumTableViewCell.m */; };
		700C08C31AF008D000A14D93 /* circle.png in Resources */ = {isa = PBXBuildFile; fileRef = 700C08891AF008D000A14D93 /* circle.png */; };
		700C08C41AF008D000A14D93 /* circle@2x.png in Resources */ = {isa = PBXBuildFile; fileRef = 700C088A1AF008D000A14D93 /* circle@2x.png */; };
		700C08C51AF008D000A14D93 /* meicon.png in Resources */ = {isa = PBXBuildFile; fileRef = 700C088B1AF008D000A14D93 /* meicon.png */; };
		700C08C61AF008D000A14D93 /* MenuBackground@2x.png in Resources */ = {isa = PBXBuildFile; fileRef = 700C088C1AF008D000A14D93 /* MenuBackground@2x.png */; };
		700C08C71AF008D000A14D93 /* pullrefresh.aif in Resources */ = {isa = PBXBuildFile; fileRef = 700C088D1AF008D000A14D93 /* pullrefresh.aif */; };
		700C08C81AF008D000A14D93 /* XHPathCover.m in Sources */ = {isa = PBXBuildFile; fileRef = 700C088F1AF008D000A14D93 /* XHPathCover.m */; };
		700C08C91AF008D000A14D93 /* XHSoundManager.m in Sources */ = {isa = PBXBuildFile; fileRef = 700C08911AF008D000A14D93 /* XHSoundManager.m */; };
		700C08CA1AF008D000A14D93 /* XHWaterDropRefresh.m in Sources */ = {isa = PBXBuildFile; fileRef = 700C08931AF008D000A14D93 /* XHWaterDropRefresh.m */; };
		700C08CB1AF008D000A14D93 /* XHImageViewer.m in Sources */ = {isa = PBXBuildFile; fileRef = 700C08961AF008D000A14D93 /* XHImageViewer.m */; };
		700C08CC1AF008D000A14D93 /* XHViewState.m in Sources */ = {isa = PBXBuildFile; fileRef = 700C08981AF008D000A14D93 /* XHViewState.m */; };
		700C08CD1AF008D000A14D93 /* XHZoomingImageView.m in Sources */ = {isa = PBXBuildFile; fileRef = 700C089A1AF008D000A14D93 /* XHZoomingImageView.m */; };
		700C08CE1AF008D000A14D93 /* XHPhotographyHelper.m in Sources */ = {isa = PBXBuildFile; fileRef = 700C089D1AF008D000A14D93 /* XHPhotographyHelper.m */; };
/* End PBXBuildFile section */

/* Begin PBXFileReference section */
		12E5C7F947A8732892A25EF4 /* libPods-MCAlbum.a */ = {isa = PBXFileReference; explicitFileType = archive.ar; includeInIndex = 0; path = "libPods-MCAlbum.a"; sourceTree = BUILT_PRODUCTS_DIR; };
		1FD9C10FE9DC0910ADAD3503 /* Pods-LZAlbum.release.xcconfig */ = {isa = PBXFileReference; includeInIndex = 1; lastKnownFileType = text.xcconfig; name = "Pods-LZAlbum.release.xcconfig"; path = "Pods/Target Support Files/Pods-LZAlbum/Pods-LZAlbum.release.xcconfig"; sourceTree = "<group>"; };
		700C08411AF008D000A14D93 /* LZAlbumCreateVC.h */ = {isa = PBXFileReference; fileEncoding = 4; lastKnownFileType = sourcecode.c.h; path = LZAlbumCreateVC.h; sourceTree = "<group>"; };
		700C08421AF008D000A14D93 /* LZAlbumCreateVC.m */ = {isa = PBXFileReference; fileEncoding = 4; lastKnownFileType = sourcecode.c.objc; path = LZAlbumCreateVC.m; sourceTree = "<group>"; };
		700C08431AF008D000A14D93 /* LZAlbumCreateVC.xib */ = {isa = PBXFileReference; fileEncoding = 4; lastKnownFileType = file.xib; path = LZAlbumCreateVC.xib; sourceTree = "<group>"; };
		700C08441AF008D000A14D93 /* LZAlbumVC.h */ = {isa = PBXFileReference; fileEncoding = 4; lastKnownFileType = sourcecode.c.h; path = LZAlbumVC.h; sourceTree = "<group>"; };
		700C08451AF008D000A14D93 /* LZAlbumVC.m */ = {isa = PBXFileReference; fileEncoding = 4; lastKnownFileType = sourcecode.c.objc; path = LZAlbumVC.m; sourceTree = "<group>"; };
		700C08471AF008D000A14D93 /* AppDelegate.h */ = {isa = PBXFileReference; fileEncoding = 4; lastKnownFileType = sourcecode.c.h; path = AppDelegate.h; sourceTree = "<group>"; };
		700C08481AF008D000A14D93 /* AppDelegate.m */ = {isa = PBXFileReference; fileEncoding = 4; lastKnownFileType = sourcecode.c.objc; path = AppDelegate.m; sourceTree = "<group>"; };
		700C08491AF008D000A14D93 /* LZCommon.h */ = {isa = PBXFileReference; fileEncoding = 4; lastKnownFileType = sourcecode.c.h; path = LZCommon.h; sourceTree = "<group>"; };
		700C084A1AF008D000A14D93 /* LZMacros.h */ = {isa = PBXFileReference; fileEncoding = 4; lastKnownFileType = sourcecode.c.h; path = LZMacros.h; sourceTree = "<group>"; };
		700C084C1AF008D000A14D93 /* Base */ = {isa = PBXFileReference; lastKnownFileType = file.xib; name = Base; path = Base.lproj/LaunchScreen.xib; sourceTree = "<group>"; };
		700C084D1AF008D000A14D93 /* Images.xcassets */ = {isa = PBXFileReference; lastKnownFileType = folder.assetcatalog; path = Images.xcassets; sourceTree = "<group>"; };
		700C084E1AF008D000A14D93 /* Info.plist */ = {isa = PBXFileReference; fileEncoding = 4; lastKnownFileType = text.plist.xml; path = Info.plist; sourceTree = "<group>"; };
		700C084F1AF008D000A14D93 /* main.m */ = {isa = PBXFileReference; fileEncoding = 4; lastKnownFileType = sourcecode.c.objc; path = main.m; sourceTree = "<group>"; };
		700C08511AF008D000A14D93 /* LZAlbumManager.h */ = {isa = PBXFileReference; fileEncoding = 4; lastKnownFileType = sourcecode.c.h; path = LZAlbumManager.h; sourceTree = "<group>"; };
		700C08521AF008D000A14D93 /* LZAlbumManager.m */ = {isa = PBXFileReference; fileEncoding = 4; lastKnownFileType = sourcecode.c.objc; path = LZAlbumManager.m; sourceTree = "<group>"; };
		700C08541AF008D000A14D93 /* AVUser+MCCustomUser.h */ = {isa = PBXFileReference; fileEncoding = 4; lastKnownFileType = sourcecode.c.h; path = "AVUser+MCCustomUser.h"; sourceTree = "<group>"; };
		700C08551AF008D000A14D93 /* AVUser+MCCustomUser.m */ = {isa = PBXFileReference; fileEncoding = 4; lastKnownFileType = sourcecode.c.objc; path = "AVUser+MCCustomUser.m"; sourceTree = "<group>"; };
		700C08571AF008D000A14D93 /* LZEntryForm.h */ = {isa = PBXFileReference; fileEncoding = 4; lastKnownFileType = sourcecode.c.h; path = LZEntryForm.h; sourceTree = "<group>"; };
		700C08581AF008D000A14D93 /* LZEntryForm.m */ = {isa = PBXFileReference; fileEncoding = 4; lastKnownFileType = sourcecode.c.objc; path = LZEntryForm.m; sourceTree = "<group>"; };
		700C08591AF008D000A14D93 /* LZLoginForm.h */ = {isa = PBXFileReference; fileEncoding = 4; lastKnownFileType = sourcecode.c.h; path = LZLoginForm.h; sourceTree = "<group>"; };
		700C085A1AF008D000A14D93 /* LZLoginForm.m */ = {isa = PBXFileReference; fileEncoding = 4; lastKnownFileType = sourcecode.c.objc; path = LZLoginForm.m; sourceTree = "<group>"; };
		700C085B1AF008D000A14D93 /* LZRegisterForm.h */ = {isa = PBXFileReference; fileEncoding = 4; lastKnownFileType = sourcecode.c.h; path = LZRegisterForm.h; sourceTree = "<group>"; };
		700C085C1AF008D000A14D93 /* LZRegisterForm.m */ = {isa = PBXFileReference; fileEncoding = 4; lastKnownFileType = sourcecode.c.objc; path = LZRegisterForm.m; sourceTree = "<group>"; };
		700C085D1AF008D000A14D93 /* LCAlbum.h */ = {isa = PBXFileReference; fileEncoding = 4; lastKnownFileType = sourcecode.c.h; path = LCAlbum.h; sourceTree = "<group>"; };
		700C085E1AF008D000A14D93 /* LCAlbum.m */ = {isa = PBXFileReference; fileEncoding = 4; lastKnownFileType = sourcecode.c.objc; path = LCAlbum.m; sourceTree = "<group>"; };
		700C085F1AF008D000A14D93 /* LZAlbum.h */ = {isa = PBXFileReference; fileEncoding = 4; lastKnownFileType = sourcecode.c.h; path = LZAlbum.h; sourceTree = "<group>"; };
		700C08601AF008D000A14D93 /* LZAlbum.m */ = {isa = PBXFileReference; fileEncoding = 4; lastKnownFileType = sourcecode.c.objc; path = LZAlbum.m; sourceTree = "<group>"; };
		700C08611AF008D000A14D93 /* LZAVObjectHeader.h */ = {isa = PBXFileReference; fileEncoding = 4; lastKnownFileType = sourcecode.c.h; path = LZAVObjectHeader.h; sourceTree = "<group>"; };
		700C08621AF008D000A14D93 /* LZComment.h */ = {isa = PBXFileReference; fileEncoding = 4; lastKnownFileType = sourcecode.c.h; path = LZComment.h; sourceTree = "<group>"; };
		700C08631AF008D000A14D93 /* LZComment.m */ = {isa = PBXFileReference; fileEncoding = 4; lastKnownFileType = sourcecode.c.objc; path = LZComment.m; sourceTree = "<group>"; };
		700C08651AF008D000A14D93 /* album_add_photo@2x.png */ = {isa = PBXFileReference; lastKnownFileType = image.png; path = "album_add_photo@2x.png"; sourceTree = "<group>"; };
		700C08661AF008D000A14D93 /* Album_like_icon@2x.png */ = {isa = PBXFileReference; lastKnownFileType = image.png; path = "Album_like_icon@2x.png"; sourceTree = "<group>"; };
		700C08671AF008D000A14D93 /* Album_likes_comments_background@2x.png */ = {isa = PBXFileReference; lastKnownFileType = image.png; path = "Album_likes_comments_background@2x.png"; sourceTree = "<group>"; };
		700C08681AF008D000A14D93 /* AlbumAddBtn@2x.png */ = {isa = PBXFileReference; lastKnownFileType = image.png; path = "AlbumAddBtn@2x.png"; sourceTree = "<group>"; };
		700C08691AF008D000A14D93 /* AlbumAddBtnHL@2x.png */ = {isa = PBXFileReference; lastKnownFileType = image.png; path = "AlbumAddBtnHL@2x.png"; sourceTree = "<group>"; };
		700C086A1AF008D000A14D93 /* AlbumFlagMark@2x.png */ = {isa = PBXFileReference; lastKnownFileType = image.png; path = "AlbumFlagMark@2x.png"; sourceTree = "<group>"; };
		700C086B1AF008D000A14D93 /* AlbumHeaderBackgrounImage@2x.png */ = {isa = PBXFileReference; lastKnownFileType = image.png; path = "AlbumHeaderBackgrounImage@2x.png"; sourceTree = "<group>"; };
		700C086C1AF008D000A14D93 /* AlbumInformationLikeHL@2x.png */ = {isa = PBXFileReference; lastKnownFileType = image.png; path = "AlbumInformationLikeHL@2x.png"; sourceTree = "<group>"; };
		700C086D1AF008D000A14D93 /* AlbumInformationLikeHL@3x.png */ = {isa = PBXFileReference; lastKnownFileType = image.png; path = "AlbumInformationLikeHL@3x.png"; sourceTree = "<group>"; };
		700C086E1AF008D000A14D93 /* AlbumOperateMore@2x.png */ = {isa = PBXFileReference; lastKnownFileType = image.png; path = "AlbumOperateMore@2x.png"; sourceTree = "<group>"; };
		700C086F1AF008D000A14D93 /* AlbumOperateMoreHL@2x.png */ = {isa = PBXFileReference; lastKnownFileType = image.png; path = "AlbumOperateMoreHL@2x.png"; sourceTree = "<group>"; };
		700C08711AF008D000A14D93 /* LZBaseTC.h */ = {isa = PBXFileReference; fileEncoding = 4; lastKnownFileType = sourcecode.c.h; path = LZBaseTC.h; sourceTree = "<group>"; };
		700C08721AF008D000A14D93 /* LZBaseTC.m */ = {isa = PBXFileReference; fileEncoding = 4; lastKnownFileType = sourcecode.c.objc; path = LZBaseTC.m; sourceTree = "<group>"; };
		700C08731AF008D000A14D93 /* LZBaseVC.h */ = {isa = PBXFileReference; fileEncoding = 4; lastKnownFileType = sourcecode.c.h; path = LZBaseVC.h; sourceTree = "<group>"; };
		700C08741AF008D000A14D93 /* LZBaseVC.m */ = {isa = PBXFileReference; fileEncoding = 4; lastKnownFileType = sourcecode.c.objc; path = LZBaseVC.m; sourceTree = "<group>"; };
		700C08751AF008D000A14D93 /* LZEntryFormController.h */ = {isa = PBXFileReference; fileEncoding = 4; lastKnownFileType = sourcecode.c.h; path = LZEntryFormController.h; sourceTree = "<group>"; };
		700C08761AF008D000A14D93 /* LZEntryFormController.m */ = {isa = PBXFileReference; fileEncoding = 4; lastKnownFileType = sourcecode.c.objc; path = LZEntryFormController.m; sourceTree = "<group>"; };
		700C08781AF008D000A14D93 /* LZAlbumCollectionFlowLayout.h */ = {isa = PBXFileReference; fileEncoding = 4; lastKnownFileType = sourcecode.c.h; path = LZAlbumCollectionFlowLayout.h; sourceTree = "<group>"; };
		700C08791AF008D000A14D93 /* LZAlbumCollectionFlowLayout.m */ = {isa = PBXFileReference; fileEncoding = 4; lastKnownFileType = sourcecode.c.objc; path = LZAlbumCollectionFlowLayout.m; sourceTree = "<group>"; };
		700C087A1AF008D000A14D93 /* LZAlbumLikesCommentsView.h */ = {isa = PBXFileReference; fileEncoding = 4; lastKnownFileType = sourcecode.c.h; path = LZAlbumLikesCommentsView.h; sourceTree = "<group>"; };
		700C087B1AF008D000A14D93 /* LZAlbumLikesCommentsView.m */ = {isa = PBXFileReference; fileEncoding = 4; lastKnownFileType = sourcecode.c.objc; path = LZAlbumLikesCommentsView.m; sourceTree = "<group>"; };
		700C087C1AF008D000A14D93 /* LZAlbumOperationView.h */ = {isa = PBXFileReference; fileEncoding = 4; lastKnownFileType = sourcecode.c.h; path = LZAlbumOperationView.h; sourceTree = "<group>"; };
		700C087D1AF008D000A14D93 /* LZAlbumOperationView.m */ = {isa = PBXFileReference; fileEncoding = 4; lastKnownFileType = sourcecode.c.objc; path = LZAlbumOperationView.m; sourceTree = "<group>"; };
		700C087E1AF008D000A14D93 /* LZAlbumPhotoCollectionViewCell.h */ = {isa = PBXFileReference; fileEncoding = 4; lastKnownFileType = sourcecode.c.h; path = LZAlbumPhotoCollectionViewCell.h; sourceTree = "<group>"; };
		700C087F1AF008D000A14D93 /* LZAlbumPhotoCollectionViewCell.m */ = {isa = PBXFileReference; fileEncoding = 4; lastKnownFileType = sourcecode.c.objc; path = LZAlbumPhotoCollectionViewCell.m; sourceTree = "<group>"; };
		700C08801AF008D000A14D93 /* LZAlbumReplyView.h */ = {isa = PBXFileReference; fileEncoding = 4; lastKnownFileType = sourcecode.c.h; path = LZAlbumReplyView.h; sourceTree = "<group>"; };
		700C08811AF008D000A14D93 /* LZAlbumReplyView.m */ = {isa = PBXFileReference; fileEncoding = 4; lastKnownFileType = sourcecode.c.objc; path = LZAlbumReplyView.m; sourceTree = "<group>"; };
		700C08821AF008D000A14D93 /* LZAlbumRichTextView.h */ = {isa = PBXFileReference; fileEncoding = 4; lastKnownFileType = sourcecode.c.h; path = LZAlbumRichTextView.h; sourceTree = "<group>"; };
		700C08831AF008D000A14D93 /* LZAlbumRichTextView.m */ = {isa = PBXFileReference; fileEncoding = 4; lastKnownFileType = sourcecode.c.objc; path = LZAlbumRichTextView.m; sourceTree = "<group>"; };
		700C08841AF008D000A14D93 /* LZAlbumTableViewCell.h */ = {isa = PBXFileReference; fileEncoding = 4; lastKnownFileType = sourcecode.c.h; path = LZAlbumTableViewCell.h; sourceTree = "<group>"; };
		700C08851AF008D000A14D93 /* LZAlbumTableViewCell.m */ = {isa = PBXFileReference; fileEncoding = 4; lastKnownFileType = sourcecode.c.objc; path = LZAlbumTableViewCell.m; sourceTree = "<group>"; };
		700C08891AF008D000A14D93 /* circle.png */ = {isa = PBXFileReference; lastKnownFileType = image.png; path = circle.png; sourceTree = "<group>"; };
		700C088A1AF008D000A14D93 /* circle@2x.png */ = {isa = PBXFileReference; lastKnownFileType = image.png; path = "circle@2x.png"; sourceTree = "<group>"; };
		700C088B1AF008D000A14D93 /* meicon.png */ = {isa = PBXFileReference; lastKnownFileType = image.png; path = meicon.png; sourceTree = "<group>"; };
		700C088C1AF008D000A14D93 /* MenuBackground@2x.png */ = {isa = PBXFileReference; lastKnownFileType = image.png; path = "MenuBackground@2x.png"; sourceTree = "<group>"; };
		700C088D1AF008D000A14D93 /* pullrefresh.aif */ = {isa = PBXFileReference; lastKnownFileType = file; path = pullrefresh.aif; sourceTree = "<group>"; };
		700C088E1AF008D000A14D93 /* XHPathCover.h */ = {isa = PBXFileReference; fileEncoding = 4; lastKnownFileType = sourcecode.c.h; path = XHPathCover.h; sourceTree = "<group>"; };
		700C088F1AF008D000A14D93 /* XHPathCover.m */ = {isa = PBXFileReference; fileEncoding = 4; lastKnownFileType = sourcecode.c.objc; path = XHPathCover.m; sourceTree = "<group>"; };
		700C08901AF008D000A14D93 /* XHSoundManager.h */ = {isa = PBXFileReference; fileEncoding = 4; lastKnownFileType = sourcecode.c.h; path = XHSoundManager.h; sourceTree = "<group>"; };
		700C08911AF008D000A14D93 /* XHSoundManager.m */ = {isa = PBXFileReference; fileEncoding = 4; lastKnownFileType = sourcecode.c.objc; path = XHSoundManager.m; sourceTree = "<group>"; };
		700C08921AF008D000A14D93 /* XHWaterDropRefresh.h */ = {isa = PBXFileReference; fileEncoding = 4; lastKnownFileType = sourcecode.c.h; path = XHWaterDropRefresh.h; sourceTree = "<group>"; };
		700C08931AF008D000A14D93 /* XHWaterDropRefresh.m */ = {isa = PBXFileReference; fileEncoding = 4; lastKnownFileType = sourcecode.c.objc; path = XHWaterDropRefresh.m; sourceTree = "<group>"; };
		700C08951AF008D000A14D93 /* XHImageViewer.h */ = {isa = PBXFileReference; fileEncoding = 4; lastKnownFileType = sourcecode.c.h; path = XHImageViewer.h; sourceTree = "<group>"; };
		700C08961AF008D000A14D93 /* XHImageViewer.m */ = {isa = PBXFileReference; fileEncoding = 4; lastKnownFileType = sourcecode.c.objc; path = XHImageViewer.m; sourceTree = "<group>"; };
		700C08971AF008D000A14D93 /* XHViewState.h */ = {isa = PBXFileReference; fileEncoding = 4; lastKnownFileType = sourcecode.c.h; path = XHViewState.h; sourceTree = "<group>"; };
		700C08981AF008D000A14D93 /* XHViewState.m */ = {isa = PBXFileReference; fileEncoding = 4; lastKnownFileType = sourcecode.c.objc; path = XHViewState.m; sourceTree = "<group>"; };
		700C08991AF008D000A14D93 /* XHZoomingImageView.h */ = {isa = PBXFileReference; fileEncoding = 4; lastKnownFileType = sourcecode.c.h; path = XHZoomingImageView.h; sourceTree = "<group>"; };
		700C089A1AF008D000A14D93 /* XHZoomingImageView.m */ = {isa = PBXFileReference; fileEncoding = 4; lastKnownFileType = sourcecode.c.objc; path = XHZoomingImageView.m; sourceTree = "<group>"; };
		700C089C1AF008D000A14D93 /* XHPhotographyHelper.h */ = {isa = PBXFileReference; fileEncoding = 4; lastKnownFileType = sourcecode.c.h; path = XHPhotographyHelper.h; sourceTree = "<group>"; };
		700C089D1AF008D000A14D93 /* XHPhotographyHelper.m */ = {isa = PBXFileReference; fileEncoding = 4; lastKnownFileType = sourcecode.c.objc; path = XHPhotographyHelper.m; sourceTree = "<group>"; };
		70EBDCC81AEFCDE5005EABEF /* LZAlbum.app */ = {isa = PBXFileReference; explicitFileType = wrapper.application; includeInIndex = 0; path = LZAlbum.app; sourceTree = BUILT_PRODUCTS_DIR; };
		73CBB0345D39F3158EB09EB3 /* libPods-LZAlbum.a */ = {isa = PBXFileReference; explicitFileType = archive.ar; includeInIndex = 0; path = "libPods-LZAlbum.a"; sourceTree = BUILT_PRODUCTS_DIR; };
		8F9D5B0AB9E7AADF7534422E /* Pods-LZAlbum.debug.xcconfig */ = {isa = PBXFileReference; includeInIndex = 1; lastKnownFileType = text.xcconfig; name = "Pods-LZAlbum.debug.xcconfig"; path = "Pods/Target Support Files/Pods-LZAlbum/Pods-LZAlbum.debug.xcconfig"; sourceTree = "<group>"; };
/* End PBXFileReference section */

/* Begin PBXFrameworksBuildPhase section */
		70EBDCC51AEFCDE5005EABEF /* Frameworks */ = {
			isa = PBXFrameworksBuildPhase;
			buildActionMask = 2147483647;
			files = (
				3FF40895072CD95F00B7141D /* libPods-LZAlbum.a in Frameworks */,
			);
			runOnlyForDeploymentPostprocessing = 0;
		};
/* End PBXFrameworksBuildPhase section */

/* Begin PBXGroup section */
		551EA01E9720C5522C87F7D6 /* Frameworks */ = {
			isa = PBXGroup;
			children = (
				12E5C7F947A8732892A25EF4 /* libPods-MCAlbum.a */,
				73CBB0345D39F3158EB09EB3 /* libPods-LZAlbum.a */,
			);
			name = Frameworks;
			sourceTree = "<group>";
		};
		700C083F1AF008D000A14D93 /* LZAlbum */ = {
			isa = PBXGroup;
			children = (
				700C08401AF008D000A14D93 /* album */,
				700C08461AF008D000A14D93 /* base */,
				700C084B1AF008D000A14D93 /* LaunchScreen.xib */,
				700C084D1AF008D000A14D93 /* Images.xcassets */,
				700C084E1AF008D000A14D93 /* Info.plist */,
				700C084F1AF008D000A14D93 /* main.m */,
				700C08501AF008D000A14D93 /* manager */,
				700C08531AF008D000A14D93 /* model */,
				700C08641AF008D000A14D93 /* resources */,
				700C08701AF008D000A14D93 /* ui */,
				700C08861AF008D000A14D93 /* vendor */,
			);
			path = LZAlbum;
			sourceTree = "<group>";
		};
		700C08401AF008D000A14D93 /* album */ = {
			isa = PBXGroup;
			children = (
				700C08411AF008D000A14D93 /* LZAlbumCreateVC.h */,
				700C08421AF008D000A14D93 /* LZAlbumCreateVC.m */,
				700C08431AF008D000A14D93 /* LZAlbumCreateVC.xib */,
				700C08441AF008D000A14D93 /* LZAlbumVC.h */,
				700C08451AF008D000A14D93 /* LZAlbumVC.m */,
			);
			path = album;
			sourceTree = "<group>";
		};
		700C08461AF008D000A14D93 /* base */ = {
			isa = PBXGroup;
			children = (
				700C08471AF008D000A14D93 /* AppDelegate.h */,
				700C08481AF008D000A14D93 /* AppDelegate.m */,
				700C08491AF008D000A14D93 /* LZCommon.h */,
				700C084A1AF008D000A14D93 /* LZMacros.h */,
			);
			path = base;
			sourceTree = "<group>";
		};
		700C08501AF008D000A14D93 /* manager */ = {
			isa = PBXGroup;
			children = (
				700C08511AF008D000A14D93 /* LZAlbumManager.h */,
				700C08521AF008D000A14D93 /* LZAlbumManager.m */,
			);
			path = manager;
			sourceTree = "<group>";
		};
		700C08531AF008D000A14D93 /* model */ = {
			isa = PBXGroup;
			children = (
				700C08541AF008D000A14D93 /* AVUser+MCCustomUser.h */,
				700C08551AF008D000A14D93 /* AVUser+MCCustomUser.m */,
				700C08561AF008D000A14D93 /* form */,
				700C085D1AF008D000A14D93 /* LCAlbum.h */,
				700C085E1AF008D000A14D93 /* LCAlbum.m */,
				700C085F1AF008D000A14D93 /* LZAlbum.h */,
				700C08601AF008D000A14D93 /* LZAlbum.m */,
				700C08611AF008D000A14D93 /* LZAVObjectHeader.h */,
				700C08621AF008D000A14D93 /* LZComment.h */,
				700C08631AF008D000A14D93 /* LZComment.m */,
			);
			path = model;
			sourceTree = "<group>";
		};
		700C08561AF008D000A14D93 /* form */ = {
			isa = PBXGroup;
			children = (
				700C08571AF008D000A14D93 /* LZEntryForm.h */,
				700C08581AF008D000A14D93 /* LZEntryForm.m */,
				700C08591AF008D000A14D93 /* LZLoginForm.h */,
				700C085A1AF008D000A14D93 /* LZLoginForm.m */,
				700C085B1AF008D000A14D93 /* LZRegisterForm.h */,
				700C085C1AF008D000A14D93 /* LZRegisterForm.m */,
			);
			path = form;
			sourceTree = "<group>";
		};
		700C08641AF008D000A14D93 /* resources */ = {
			isa = PBXGroup;
			children = (
				700C08651AF008D000A14D93 /* album_add_photo@2x.png */,
				700C08661AF008D000A14D93 /* Album_like_icon@2x.png */,
				700C08671AF008D000A14D93 /* Album_likes_comments_background@2x.png */,
				700C08681AF008D000A14D93 /* AlbumAddBtn@2x.png */,
				700C08691AF008D000A14D93 /* AlbumAddBtnHL@2x.png */,
				700C086A1AF008D000A14D93 /* AlbumFlagMark@2x.png */,
				700C086B1AF008D000A14D93 /* AlbumHeaderBackgrounImage@2x.png */,
				700C086C1AF008D000A14D93 /* AlbumInformationLikeHL@2x.png */,
				700C086D1AF008D000A14D93 /* AlbumInformationLikeHL@3x.png */,
				700C086E1AF008D000A14D93 /* AlbumOperateMore@2x.png */,
				700C086F1AF008D000A14D93 /* AlbumOperateMoreHL@2x.png */,
			);
			path = resources;
			sourceTree = "<group>";
		};
		700C08701AF008D000A14D93 /* ui */ = {
			isa = PBXGroup;
			children = (
				700C08711AF008D000A14D93 /* LZBaseTC.h */,
				700C08721AF008D000A14D93 /* LZBaseTC.m */,
				700C08731AF008D000A14D93 /* LZBaseVC.h */,
				700C08741AF008D000A14D93 /* LZBaseVC.m */,
				700C08751AF008D000A14D93 /* LZEntryFormController.h */,
				700C08761AF008D000A14D93 /* LZEntryFormController.m */,
				700C08771AF008D000A14D93 /* views */,
			);
			path = ui;
			sourceTree = "<group>";
		};
		700C08771AF008D000A14D93 /* views */ = {
			isa = PBXGroup;
			children = (
				700C08781AF008D000A14D93 /* LZAlbumCollectionFlowLayout.h */,
				700C08791AF008D000A14D93 /* LZAlbumCollectionFlowLayout.m */,
				700C087A1AF008D000A14D93 /* LZAlbumLikesCommentsView.h */,
				700C087B1AF008D000A14D93 /* LZAlbumLikesCommentsView.m */,
				700C087C1AF008D000A14D93 /* LZAlbumOperationView.h */,
				700C087D1AF008D000A14D93 /* LZAlbumOperationView.m */,
				700C087E1AF008D000A14D93 /* LZAlbumPhotoCollectionViewCell.h */,
				700C087F1AF008D000A14D93 /* LZAlbumPhotoCollectionViewCell.m */,
				700C08801AF008D000A14D93 /* LZAlbumReplyView.h */,
				700C08811AF008D000A14D93 /* LZAlbumReplyView.m */,
				700C08821AF008D000A14D93 /* LZAlbumRichTextView.h */,
				700C08831AF008D000A14D93 /* LZAlbumRichTextView.m */,
				700C08841AF008D000A14D93 /* LZAlbumTableViewCell.h */,
				700C08851AF008D000A14D93 /* LZAlbumTableViewCell.m */,
			);
			path = views;
			sourceTree = "<group>";
		};
		700C08861AF008D000A14D93 /* vendor */ = {
			isa = PBXGroup;
			children = (
				700C08871AF008D000A14D93 /* PathCover */,
				700C08941AF008D000A14D93 /* XHImageViewer */,
				700C089B1AF008D000A14D93 /* XHPhotographyHelper */,
			);
			path = vendor;
			sourceTree = "<group>";
		};
		700C08871AF008D000A14D93 /* PathCover */ = {
			isa = PBXGroup;
			children = (
				700C08881AF008D000A14D93 /* Resources */,
				700C088E1AF008D000A14D93 /* XHPathCover.h */,
				700C088F1AF008D000A14D93 /* XHPathCover.m */,
				700C08901AF008D000A14D93 /* XHSoundManager.h */,
				700C08911AF008D000A14D93 /* XHSoundManager.m */,
				700C08921AF008D000A14D93 /* XHWaterDropRefresh.h */,
				700C08931AF008D000A14D93 /* XHWaterDropRefresh.m */,
			);
			path = PathCover;
			sourceTree = "<group>";
		};
		700C08881AF008D000A14D93 /* Resources */ = {
			isa = PBXGroup;
			children = (
				700C08891AF008D000A14D93 /* circle.png */,
				700C088A1AF008D000A14D93 /* circle@2x.png */,
				700C088B1AF008D000A14D93 /* meicon.png */,
				700C088C1AF008D000A14D93 /* MenuBackground@2x.png */,
				700C088D1AF008D000A14D93 /* pullrefresh.aif */,
			);
			path = Resources;
			sourceTree = "<group>";
		};
		700C08941AF008D000A14D93 /* XHImageViewer */ = {
			isa = PBXGroup;
			children = (
				700C08951AF008D000A14D93 /* XHImageViewer.h */,
				700C08961AF008D000A14D93 /* XHImageViewer.m */,
				700C08971AF008D000A14D93 /* XHViewState.h */,
				700C08981AF008D000A14D93 /* XHViewState.m */,
				700C08991AF008D000A14D93 /* XHZoomingImageView.h */,
				700C089A1AF008D000A14D93 /* XHZoomingImageView.m */,
			);
			path = XHImageViewer;
			sourceTree = "<group>";
		};
		700C089B1AF008D000A14D93 /* XHPhotographyHelper */ = {
			isa = PBXGroup;
			children = (
				700C089C1AF008D000A14D93 /* XHPhotographyHelper.h */,
				700C089D1AF008D000A14D93 /* XHPhotographyHelper.m */,
			);
			path = XHPhotographyHelper;
			sourceTree = "<group>";
		};
		70EBDCBF1AEFCDE5005EABEF = {
			isa = PBXGroup;
			children = (
				700C083F1AF008D000A14D93 /* LZAlbum */,
				70EBDCC91AEFCDE5005EABEF /* Products */,
				B336D24C107235B00692E160 /* Pods */,
				551EA01E9720C5522C87F7D6 /* Frameworks */,
			);
			sourceTree = "<group>";
		};
		70EBDCC91AEFCDE5005EABEF /* Products */ = {
			isa = PBXGroup;
			children = (
				70EBDCC81AEFCDE5005EABEF /* LZAlbum.app */,
			);
			name = Products;
			sourceTree = "<group>";
		};
		B336D24C107235B00692E160 /* Pods */ = {
			isa = PBXGroup;
			children = (
				8F9D5B0AB9E7AADF7534422E /* Pods-LZAlbum.debug.xcconfig */,
				1FD9C10FE9DC0910ADAD3503 /* Pods-LZAlbum.release.xcconfig */,
			);
			name = Pods;
			sourceTree = "<group>";
		};
/* End PBXGroup section */

/* Begin PBXNativeTarget section */
		70EBDCC71AEFCDE5005EABEF /* LZAlbum */ = {
			isa = PBXNativeTarget;
			buildConfigurationList = 70EBDCEB1AEFCDE5005EABEF /* Build configuration list for PBXNativeTarget "LZAlbum" */;
			buildPhases = (
				79C764D18B8F6A8C9B8D0667 /* Check Pods Manifest.lock */,
				70EBDCC41AEFCDE5005EABEF /* Sources */,
				70EBDCC51AEFCDE5005EABEF /* Frameworks */,
				70EBDCC61AEFCDE5005EABEF /* Resources */,
				E391A03B53B8398E63C9B999 /* Copy Pods Resources */,
			);
			buildRules = (
			);
			dependencies = (
			);
			name = LZAlbum;
			productName = MCAlbum;
			productReference = 70EBDCC81AEFCDE5005EABEF /* LZAlbum.app */;
			productType = "com.apple.product-type.application";
		};
/* End PBXNativeTarget section */

/* Begin PBXProject section */
		70EBDCC01AEFCDE5005EABEF /* Project object */ = {
			isa = PBXProject;
			attributes = {
				LastUpgradeCheck = 0630;
				ORGANIZATIONNAME = lzw;
				TargetAttributes = {
					70EBDCC71AEFCDE5005EABEF = {
						CreatedOnToolsVersion = 6.3;
					};
				};
			};
			buildConfigurationList = 70EBDCC31AEFCDE5005EABEF /* Build configuration list for PBXProject "LZAlbum" */;
			compatibilityVersion = "Xcode 3.2";
			developmentRegion = English;
			hasScannedForEncodings = 0;
			knownRegions = (
				en,
				Base,
			);
			mainGroup = 70EBDCBF1AEFCDE5005EABEF;
			productRefGroup = 70EBDCC91AEFCDE5005EABEF /* Products */;
			projectDirPath = "";
			projectRoot = "";
			targets = (
				70EBDCC71AEFCDE5005EABEF /* LZAlbum */,
			);
		};
/* End PBXProject section */

/* Begin PBXResourcesBuildPhase section */
		70EBDCC61AEFCDE5005EABEF /* Resources */ = {
			isa = PBXResourcesBuildPhase;
			buildActionMask = 2147483647;
			files = (
				700C08AF1AF008D000A14D93 /* Album_like_icon@2x.png in Resources */,
				700C08A41AF008D000A14D93 /* Info.plist in Resources */,
				700C08B01AF008D000A14D93 /* Album_likes_comments_background@2x.png in Resources */,
				700C08B61AF008D000A14D93 /* AlbumInformationLikeHL@3x.png in Resources */,
				700C08B31AF008D000A14D93 /* AlbumFlagMark@2x.png in Resources */,
				700C08C71AF008D000A14D93 /* pullrefresh.aif in Resources */,
				700C08A31AF008D000A14D93 /* Images.xcassets in Resources */,
				700C08A21AF008D000A14D93 /* LaunchScreen.xib in Resources */,
				700C08B41AF008D000A14D93 /* AlbumHeaderBackgrounImage@2x.png in Resources */,
				700C08C51AF008D000A14D93 /* meicon.png in Resources */,
				700C08C41AF008D000A14D93 /* circle@2x.png in Resources */,
				700C08B11AF008D000A14D93 /* AlbumAddBtn@2x.png in Resources */,
				700C08AE1AF008D000A14D93 /* album_add_photo@2x.png in Resources */,
				700C089F1AF008D000A14D93 /* LZAlbumCreateVC.xib in Resources */,
				700C08B81AF008D000A14D93 /* AlbumOperateMoreHL@2x.png in Resources */,
				700C08B51AF008D000A14D93 /* AlbumInformationLikeHL@2x.png in Resources */,
				700C08C61AF008D000A14D93 /* MenuBackground@2x.png in Resources */,
				700C08B71AF008D000A14D93 /* AlbumOperateMore@2x.png in Resources */,
				700C08B21AF008D000A14D93 /* AlbumAddBtnHL@2x.png in Resources */,
				700C08C31AF008D000A14D93 /* circle.png in Resources */,
			);
			runOnlyForDeploymentPostprocessing = 0;
		};
/* End PBXResourcesBuildPhase section */

/* Begin PBXShellScriptBuildPhase section */
		79C764D18B8F6A8C9B8D0667 /* Check Pods Manifest.lock */ = {
			isa = PBXShellScriptBuildPhase;
			buildActionMask = 2147483647;
			files = (
			);
			inputPaths = (
			);
			name = "Check Pods Manifest.lock";
			outputPaths = (
			);
			runOnlyForDeploymentPostprocessing = 0;
			shellPath = /bin/sh;
			shellScript = "diff \"${PODS_ROOT}/../Podfile.lock\" \"${PODS_ROOT}/Manifest.lock\" > /dev/null\nif [[ $? != 0 ]] ; then\n    cat << EOM\nerror: The sandbox is not in sync with the Podfile.lock. Run 'pod install' or update your CocoaPods installation.\nEOM\n    exit 1\nfi\n";
			showEnvVarsInLog = 0;
		};
		E391A03B53B8398E63C9B999 /* Copy Pods Resources */ = {
			isa = PBXShellScriptBuildPhase;
			buildActionMask = 2147483647;
			files = (
			);
			inputPaths = (
			);
			name = "Copy Pods Resources";
			outputPaths = (
			);
			runOnlyForDeploymentPostprocessing = 0;
			shellPath = /bin/sh;
			shellScript = "\"${SRCROOT}/Pods/Target Support Files/Pods-LZAlbum/Pods-LZAlbum-resources.sh\"\n";
			showEnvVarsInLog = 0;
		};
/* End PBXShellScriptBuildPhase section */

/* Begin PBXSourcesBuildPhase section */
		70EBDCC41AEFCDE5005EABEF /* Sources */ = {
			isa = PBXSourcesBuildPhase;
			buildActionMask = 2147483647;
			files = (
				700C08C11AF008D000A14D93 /* LZAlbumRichTextView.m in Sources */,
				700C08BF1AF008D000A14D93 /* LZAlbumPhotoCollectionViewCell.m in Sources */,
				700C08A01AF008D000A14D93 /* LZAlbumVC.m in Sources */,
				700C08C81AF008D000A14D93 /* XHPathCover.m in Sources */,
				700C08BD1AF008D000A14D93 /* LZAlbumLikesCommentsView.m in Sources */,
				700C08BC1AF008D000A14D93 /* LZAlbumCollectionFlowLayout.m in Sources */,
				700C08B91AF008D000A14D93 /* LZBaseTC.m in Sources */,
				700C08C91AF008D000A14D93 /* XHSoundManager.m in Sources */,
				700C08A81AF008D000A14D93 /* LZEntryForm.m in Sources */,
				700C08A71AF008D000A14D93 /* AVUser+MCCustomUser.m in Sources */,
				700C08A91AF008D000A14D93 /* LZLoginForm.m in Sources */,
				700C08CC1AF008D000A14D93 /* XHViewState.m in Sources */,
				700C08CD1AF008D000A14D93 /* XHZoomingImageView.m in Sources */,
				700C08BB1AF008D000A14D93 /* LZEntryFormController.m in Sources */,
				700C08A61AF008D000A14D93 /* LZAlbumManager.m in Sources */,
				700C089E1AF008D000A14D93 /* LZAlbumCreateVC.m in Sources */,
				700C08CE1AF008D000A14D93 /* XHPhotographyHelper.m in Sources */,
				700C08BA1AF008D000A14D93 /* LZBaseVC.m in Sources */,
				700C08C21AF008D000A14D93 /* LZAlbumTableViewCell.m in Sources */,
				700C08AB1AF008D000A14D93 /* LCAlbum.m in Sources */,
				700C08AD1AF008D000A14D93 /* LZComment.m in Sources */,
				700C08CA1AF008D000A14D93 /* XHWaterDropRefresh.m in Sources */,
				700C08AA1AF008D000A14D93 /* LZRegisterForm.m in Sources */,
				700C08A51AF008D000A14D93 /* main.m in Sources */,
				700C08AC1AF008D000A14D93 /* LZAlbum.m in Sources */,
				700C08BE1AF008D000A14D93 /* LZAlbumOperationView.m in Sources */,
				700C08A11AF008D000A14D93 /* AppDelegate.m in Sources */,
				700C08C01AF008D000A14D93 /* LZAlbumReplyView.m in Sources */,
				700C08CB1AF008D000A14D93 /* XHImageViewer.m in Sources */,
			);
			runOnlyForDeploymentPostprocessing = 0;
		};
/* End PBXSourcesBuildPhase section */

/* Begin PBXVariantGroup section */
		700C084B1AF008D000A14D93 /* LaunchScreen.xib */ = {
			isa = PBXVariantGroup;
			children = (
				700C084C1AF008D000A14D93 /* Base */,
			);
			name = LaunchScreen.xib;
			sourceTree = "<group>";
		};
/* End PBXVariantGroup section */

/* Begin XCBuildConfiguration section */
		70EBDCE91AEFCDE5005EABEF /* Debug */ = {
			isa = XCBuildConfiguration;
			buildSettings = {
				ALWAYS_SEARCH_USER_PATHS = NO;
				CLANG_CXX_LANGUAGE_STANDARD = "gnu++0x";
				CLANG_CXX_LIBRARY = "libc++";
				CLANG_ENABLE_MODULES = YES;
				CLANG_ENABLE_OBJC_ARC = YES;
				CLANG_WARN_BOOL_CONVERSION = YES;
				CLANG_WARN_CONSTANT_CONVERSION = YES;
				CLANG_WARN_DIRECT_OBJC_ISA_USAGE = YES_ERROR;
				CLANG_WARN_EMPTY_BODY = YES;
				CLANG_WARN_ENUM_CONVERSION = YES;
				CLANG_WARN_INT_CONVERSION = YES;
				CLANG_WARN_OBJC_ROOT_CLASS = YES_ERROR;
				CLANG_WARN_UNREACHABLE_CODE = YES;
				CLANG_WARN__DUPLICATE_METHOD_MATCH = YES;
				"CODE_SIGN_IDENTITY[sdk=iphoneos*]" = "iPhone Developer";
				COPY_PHASE_STRIP = NO;
				DEBUG_INFORMATION_FORMAT = "dwarf-with-dsym";
				ENABLE_STRICT_OBJC_MSGSEND = YES;
				GCC_C_LANGUAGE_STANDARD = gnu99;
				GCC_DYNAMIC_NO_PIC = NO;
				GCC_NO_COMMON_BLOCKS = YES;
				GCC_OPTIMIZATION_LEVEL = 0;
				GCC_PREPROCESSOR_DEFINITIONS = (
					"DEBUG=1",
					"$(inherited)",
				);
				GCC_SYMBOLS_PRIVATE_EXTERN = NO;
				GCC_WARN_64_TO_32_BIT_CONVERSION = YES;
				GCC_WARN_ABOUT_RETURN_TYPE = YES_ERROR;
				GCC_WARN_UNDECLARED_SELECTOR = YES;
				GCC_WARN_UNINITIALIZED_AUTOS = YES_AGGRESSIVE;
				GCC_WARN_UNUSED_FUNCTION = YES;
				GCC_WARN_UNUSED_VARIABLE = YES;
				IPHONEOS_DEPLOYMENT_TARGET = 8.3;
				MTL_ENABLE_DEBUG_INFO = YES;
				ONLY_ACTIVE_ARCH = YES;
				SDKROOT = iphoneos;
			};
			name = Debug;
		};
		70EBDCEA1AEFCDE5005EABEF /* Release */ = {
			isa = XCBuildConfiguration;
			buildSettings = {
				ALWAYS_SEARCH_USER_PATHS = NO;
				CLANG_CXX_LANGUAGE_STANDARD = "gnu++0x";
				CLANG_CXX_LIBRARY = "libc++";
				CLANG_ENABLE_MODULES = YES;
				CLANG_ENABLE_OBJC_ARC = YES;
				CLANG_WARN_BOOL_CONVERSION = YES;
				CLANG_WARN_CONSTANT_CONVERSION = YES;
				CLANG_WARN_DIRECT_OBJC_ISA_USAGE = YES_ERROR;
				CLANG_WARN_EMPTY_BODY = YES;
				CLANG_WARN_ENUM_CONVERSION = YES;
				CLANG_WARN_INT_CONVERSION = YES;
				CLANG_WARN_OBJC_ROOT_CLASS = YES_ERROR;
				CLANG_WARN_UNREACHABLE_CODE = YES;
				CLANG_WARN__DUPLICATE_METHOD_MATCH = YES;
				"CODE_SIGN_IDENTITY[sdk=iphoneos*]" = "iPhone Developer";
				COPY_PHASE_STRIP = NO;
				DEBUG_INFORMATION_FORMAT = "dwarf-with-dsym";
				ENABLE_NS_ASSERTIONS = NO;
				ENABLE_STRICT_OBJC_MSGSEND = YES;
				GCC_C_LANGUAGE_STANDARD = gnu99;
				GCC_NO_COMMON_BLOCKS = YES;
				GCC_WARN_64_TO_32_BIT_CONVERSION = YES;
				GCC_WARN_ABOUT_RETURN_TYPE = YES_ERROR;
				GCC_WARN_UNDECLARED_SELECTOR = YES;
				GCC_WARN_UNINITIALIZED_AUTOS = YES_AGGRESSIVE;
				GCC_WARN_UNUSED_FUNCTION = YES;
				GCC_WARN_UNUSED_VARIABLE = YES;
				IPHONEOS_DEPLOYMENT_TARGET = 8.3;
				MTL_ENABLE_DEBUG_INFO = NO;
				SDKROOT = iphoneos;
				VALIDATE_PRODUCT = YES;
			};
			name = Release;
		};
		70EBDCEC1AEFCDE5005EABEF /* Debug */ = {
			isa = XCBuildConfiguration;
			baseConfigurationReference = 8F9D5B0AB9E7AADF7534422E /* Pods-LZAlbum.debug.xcconfig */;
			buildSettings = {
				ASSETCATALOG_COMPILER_APPICON_NAME = AppIcon;
				INFOPLIST_FILE = LZAlbum/Info.plist;
				IPHONEOS_DEPLOYMENT_TARGET = 7.0;
				LD_RUNPATH_SEARCH_PATHS = "$(inherited) @executable_path/Frameworks";
				PRODUCT_NAME = LZAlbum;
			};
			name = Debug;
		};
		70EBDCED1AEFCDE5005EABEF /* Release */ = {
			isa = XCBuildConfiguration;
			baseConfigurationReference = 1FD9C10FE9DC0910ADAD3503 /* Pods-LZAlbum.release.xcconfig */;
			buildSettings = {
				ASSETCATALOG_COMPILER_APPICON_NAME = AppIcon;
				INFOPLIST_FILE = LZAlbum/Info.plist;
				IPHONEOS_DEPLOYMENT_TARGET = 7.0;
				LD_RUNPATH_SEARCH_PATHS = "$(inherited) @executable_path/Frameworks";
				PRODUCT_NAME = LZAlbum;
			};
			name = Release;
		};
/* End XCBuildConfiguration section */

/* Begin XCConfigurationList section */
		70EBDCC31AEFCDE5005EABEF /* Build configuration list for PBXProject "LZAlbum" */ = {
			isa = XCConfigurationList;
			buildConfigurations = (
				70EBDCE91AEFCDE5005EABEF /* Debug */,
				70EBDCEA1AEFCDE5005EABEF /* Release */,
			);
			defaultConfigurationIsVisible = 0;
			defaultConfigurationName = Release;
		};
		70EBDCEB1AEFCDE5005EABEF /* Build configuration list for PBXNativeTarget "LZAlbum" */ = {
			isa = XCConfigurationList;
			buildConfigurations = (
				70EBDCEC1AEFCDE5005EABEF /* Debug */,
				70EBDCED1AEFCDE5005EABEF /* Release */,
			);
			defaultConfigurationIsVisible = 0;
			defaultConfigurationName = Release;
		};
/* End XCConfigurationList section */
	};
	rootObject = 70EBDCC01AEFCDE5005EABEF /* Project object */;
}
